<?xml version="1.0" encoding="utf-8"?>
<Project ToolsVersion="4.0" xmlns="http://schemas.microsoft.com/developer/msbuild/2003">
  <ItemGroup>
    <Filter Include="Source Files">
      <UniqueIdentifier>{10bf059b-51d1-4a7f-a1bb-d117ad59b37b}</UniqueIdentifier>
      <Extensions>cpp;c;cxx;rc;def;r;odl;idl;hpj;bat</Extensions>
    </Filter>
    <Filter Include="Header Files">
      <UniqueIdentifier>{8f5feb20-afca-48d7-a0e7-3db6e7c1b24b}</UniqueIdentifier>
      <Extensions>h;hpp;hxx;hm;inl</Extensions>
    </Filter>
    <Filter Include="Resource Files">
      <UniqueIdentifier>{79611a12-1c2a-4766-a0f3-c5141cbdbc2a}</UniqueIdentifier>
      <Extensions>ico;cur;bmp;dlg;rc2;rct;bin;rgs;gif;jpg;jpeg;jpe</Extensions>
    </Filter>
    <Filter Include="N3Base">
      <UniqueIdentifier>{0d272bf2-1393-4045-8e66-ac51e147ff14}</UniqueIdentifier>
    </Filter>
  </ItemGroup>
  <ItemGroup>
    <ClCompile Include="CircularBuffer.cpp">
      <Filter>Source Files</Filter>
    </ClCompile>
    <ClCompile Include="Ebenezer.cpp">
      <Filter>Source Files</Filter>
    </ClCompile>
    <ClCompile Include="EbenezerDlg.cpp">
      <Filter>Source Files</Filter>
    </ClCompile>
    <ClCompile Include="Global.cpp">
      <Filter>Source Files</Filter>
    </ClCompile>
    <ClCompile Include="IOCPort.cpp">
      <Filter>Source Files</Filter>
    </ClCompile>
    <ClCompile Include="IOCPSocket2.cpp">
      <Filter>Source Files</Filter>
    </ClCompile>
    <ClCompile Include="Map.cpp">
      <Filter>Source Files</Filter>
    </ClCompile>
    <ClCompile Include="Region.cpp">
      <Filter>Source Files</Filter>
    </ClCompile>
    <ClCompile Include="StdAfx.cpp">
      <Filter>Source Files</Filter>
    </ClCompile>
    <ClCompile Include="User.cpp">
      <Filter>Source Files</Filter>
    </ClCompile>
    <ClCompile Include="N3Base\N3VMesh.cpp">
      <Filter>N3Base</Filter>
    </ClCompile>
  </ItemGroup>
  <ItemGroup>
    <ResourceCompile Include="Ebenezer.rc">
      <Filter>Source Files</Filter>
    </ResourceCompile>
  </ItemGroup>
  <ItemGroup>
    <ClInclude Include="CircularBuffer.h">
      <Filter>Header Files</Filter>
    </ClInclude>
    <ClInclude Include="Define.h">
      <Filter>Header Files</Filter>
    </ClInclude>
    <ClInclude Include="Ebenezer.h">
      <Filter>Header Files</Filter>
    </ClInclude>
    <ClInclude Include="EbenezerDlg.h">
      <Filter>Header Files</Filter>
    </ClInclude>
    <ClInclude Include="IOCPort.h">
      <Filter>Header Files</Filter>
    </ClInclude>
    <ClInclude Include="IOCPSocket2.h">
      <Filter>Header Files</Filter>
    </ClInclude>
    <ClInclude Include="Map.h">
      <Filter>Header Files</Filter>
    </ClInclude>
    <ClInclude Include="Region.h">
      <Filter>Header Files</Filter>
    </ClInclude>
    <ClInclude Include="Resource.h">
      <Filter>Header Files</Filter>
    </ClInclude>
    <ClInclude Include="StdAfx.h">
      <Filter>Header Files</Filter>
    </ClInclude>
    <ClInclude Include="User.h">
      <Filter>Header Files</Filter>
    </ClInclude>
    <ClInclude Include="N3Base\My_3DStruct.h">
      <Filter>N3Base</Filter>
    </ClInclude>
    <ClInclude Include="N3Base\N3DUtil.h">
      <Filter>N3Base</Filter>
    </ClInclude>
    <ClInclude Include="N3Base\N3VectorAndMatrix.h">
      <Filter>N3Base</Filter>
    </ClInclude>
    <ClInclude Include="N3Base\N3VMesh.h">
      <Filter>N3Base</Filter>
    </ClInclude>
  </ItemGroup>
  <ItemGroup>
    <Image Include="res\Ebenezer.ico">
      <Filter>Resource Files</Filter>
    </Image>
  </ItemGroup>
  <ItemGroup>
    <Text Include="ReadMe.txt" />
  </ItemGroup>
  <ItemGroup>
    <CustomBuild Include="res\Ebenezer.rc2">
      <Filter>Resource Files</Filter>
    </CustomBuild>
    <CustomBuild Include="N3Base\N3DUtil.inl">
      <Filter>N3Base</Filter>
    </CustomBuild>
    <CustomBuild Include="N3Base\N3VectorAndMatrix.inl">
      <Filter>N3Base</Filter>
    </CustomBuild>
  </ItemGroup>
</Project>