<?xml version="1.0" encoding="utf-8"?>
<Project ToolsVersion="4.0" xmlns="http://schemas.microsoft.com/developer/msbuild/2003">
  <ItemGroup>
    <Filter Include="Source Files">
      <UniqueIdentifier>{d180737e-cea4-40f9-8593-d8fff27f4884}</UniqueIdentifier>
      <Extensions>cpp;c;cxx;rc;def;r;odl;idl;hpj;bat</Extensions>
    </Filter>
    <Filter Include="Header Files">
      <UniqueIdentifier>{fc489162-218b-4e16-b5e8-80ce8ab67869}</UniqueIdentifier>
      <Extensions>h;hpp;hxx;hm;inl</Extensions>
    </Filter>
    <Filter Include="Resource Files">
      <UniqueIdentifier>{7e8ee92e-ed96-4e5b-b766-64b66632be43}</UniqueIdentifier>
      <Extensions>ico;cur;bmp;dlg;rc2;rct;bin;rgs;gif;jpg;jpeg;jpe</Extensions>
    </Filter>
    <Filter Include="N3Base">
      <UniqueIdentifier>{801e277e-69f0-4a6f-8691-bfcc635d6e52}</UniqueIdentifier>
    </Filter>
  </ItemGroup>
  <ItemGroup>
    <ClCompile Include="DlgPMeshCreateOption.cpp">
      <Filter>Source Files</Filter>
    </ClCompile>
    <ClCompile Include="DlgPMeshEdit.cpp">
      <Filter>Source Files</Filter>
    </ClCompile>
    <ClCompile Include="MainFrm.cpp">
      <Filter>Source Files</Filter>
    </ClCompile>
    <ClCompile Include="N3Viewer.cpp">
      <Filter>Source Files</Filter>
    </ClCompile>
    <ClCompile Include="N3ViewerDoc.cpp">
      <Filter>Source Files</Filter>
    </ClCompile>
    <ClCompile Include="N3ViewerView.cpp">
      <Filter>Source Files</Filter>
    </ClCompile>
    <ClCompile Include="$(SrcDir)\tool\Widget\PropertyList.cpp">
      <Filter>Source Files</Filter>
    </ClCompile>
    <ClCompile Include="StdAfx.cpp">
      <Filter>Source Files</Filter>
    </ClCompile>
    <ClCompile Include="ViewProperty.cpp">
      <Filter>Source Files</Filter>
    </ClCompile>
    <ClCompile Include="ViewSceneTree.cpp">
      <Filter>Source Files</Filter>
    </ClCompile>
    <ClCompile Include="$(SrcDir)\engine\N3Base\BitMapFile.cpp">
      <Filter>N3Base</Filter>
    </ClCompile>
    <ClCompile Include="$(SrcDir)\engine\N3Base\N3AlphaPrimitiveManager.cpp">
      <Filter>N3Base</Filter>
    </ClCompile>
    <ClCompile Include="$(SrcDir)\engine\N3Base\N3AnimControl.cpp">
      <Filter>N3Base</Filter>
    </ClCompile>
    <ClCompile Include="$(SrcDir)\engine\N3Base\N3AnimKey.cpp">
      <Filter>N3Base</Filter>
    </ClCompile>
    <ClCompile Include="$(SrcDir)\engine\N3Base\N3Base.cpp">
      <Filter>N3Base</Filter>
    </ClCompile>
    <ClCompile Include="$(SrcDir)\engine\N3Base\N3BaseFileAccess.cpp">
      <Filter>N3Base</Filter>
    </ClCompile>
    <ClCompile Include="$(SrcDir)\engine\N3Base\N3Board.cpp">
      <Filter>N3Base</Filter>
    </ClCompile>
    <ClCompile Include="$(SrcDir)\engine\N3Base\N3Camera.cpp">
      <Filter>N3Base</Filter>
    </ClCompile>
    <ClCompile Include="$(SrcDir)\engine\N3Base\N3Chr.cpp">
      <Filter>N3Base</Filter>
    </ClCompile>
    <ClCompile Include="$(SrcDir)\engine\N3Base\N3Eng.cpp">
      <Filter>N3Base</Filter>
    </ClCompile>
    <ClCompile Include="$(SrcDir)\engine\N3Base\N3EngTool.cpp">
      <Filter>N3Base</Filter>
    </ClCompile>
    <ClCompile Include="$(SrcDir)\engine\N3Base\N3FXBundle.cpp">
      <Filter>N3Base</Filter>
    </ClCompile>
    <ClCompile Include="$(SrcDir)\engine\N3Base\N3FXPartBase.cpp">
      <Filter>N3Base</Filter>
    </ClCompile>
    <ClCompile Include="$(SrcDir)\engine\N3Base\N3FXPartBillBoard.cpp">
      <Filter>N3Base</Filter>
    </ClCompile>
    <ClCompile Include="$(SrcDir)\engine\N3Base\N3FXPartBottomBoard.cpp">
      <Filter>N3Base</Filter>
    </ClCompile>
    <ClCompile Include="$(SrcDir)\engine\N3Base\N3FXParticle.cpp">
      <Filter>N3Base</Filter>
    </ClCompile>
    <ClCompile Include="$(SrcDir)\engine\N3Base\N3FXPartMesh.cpp">
      <Filter>N3Base</Filter>
    </ClCompile>
    <ClCompile Include="$(SrcDir)\engine\N3Base\N3FXPartParticles.cpp">
      <Filter>N3Base</Filter>
    </ClCompile>
    <ClCompile Include="$(SrcDir)\engine\N3Base\N3FXPlug.cpp">
      <Filter>N3Base</Filter>
    </ClCompile>
    <ClCompile Include="$(SrcDir)\engine\N3Base\N3FXPMesh.cpp">
      <Filter>N3Base</Filter>
    </ClCompile>
    <ClCompile Include="$(SrcDir)\engine\N3Base\N3FXPMeshInstance.cpp">
      <Filter>N3Base</Filter>
    </ClCompile>
    <ClCompile Include="$(SrcDir)\engine\N3Base\N3FXShape.cpp">
      <Filter>N3Base</Filter>
    </ClCompile>
    <ClCompile Include="$(SrcDir)\engine\N3Base\N3IMesh.cpp">
      <Filter>N3Base</Filter>
    </ClCompile>
    <ClCompile Include="$(SrcDir)\engine\N3Base\N3Joint.cpp">
      <Filter>N3Base</Filter>
    </ClCompile>
    <ClCompile Include="$(SrcDir)\engine\N3Base\N3Light.cpp">
      <Filter>N3Base</Filter>
    </ClCompile>
    <ClCompile Include="$(SrcDir)\engine\N3Base\N3Mesh.cpp">
      <Filter>N3Base</Filter>
    </ClCompile>
    <ClCompile Include="$(SrcDir)\engine\N3Base\N3PMesh.cpp">
      <Filter>N3Base</Filter>
    </ClCompile>
    <ClCompile Include="$(SrcDir)\engine\N3Base\N3PMeshCreate.cpp">
      <Filter>N3Base</Filter>
    </ClCompile>
    <ClCompile Include="$(SrcDir)\engine\N3Base\N3PMeshInstance.cpp">
      <Filter>N3Base</Filter>
    </ClCompile>
    <ClCompile Include="$(SrcDir)\engine\N3Base\N3Scene.cpp">
      <Filter>N3Base</Filter>
    </ClCompile>
    <ClCompile Include="$(SrcDir)\engine\N3Base\N3Shape.cpp">
      <Filter>N3Base</Filter>
    </ClCompile>
    <ClCompile Include="$(SrcDir)\engine\N3Base\N3ShapeExtra.cpp">
      <Filter>N3Base</Filter>
    </ClCompile>
    <ClCompile Include="$(SrcDir)\engine\N3Base\N3ShapeMod.cpp">
      <Filter>N3Base</Filter>
    </ClCompile>
    <ClCompile Include="$(SrcDir)\engine\N3Base\N3Skin.cpp">
      <Filter>N3Base</Filter>
    </ClCompile>
    <ClCompile Include="$(SrcDir)\engine\N3Base\N3Texture.cpp">
      <Filter>N3Base</Filter>
    </ClCompile>
    <ClCompile Include="$(SrcDir)\engine\N3Base\N3Transform.cpp">
      <Filter>N3Base</Filter>
    </ClCompile>
    <ClCompile Include="$(SrcDir)\engine\N3Base\N3TransformCollision.cpp">
      <Filter>N3Base</Filter>
    </ClCompile>
    <ClCompile Include="$(SrcDir)\engine\N3Base\N3VMesh.cpp">
      <Filter>N3Base</Filter>
    </ClCompile>
    <ClCompile Include="$(SrcDir)\engine\N3Base\Pick.cpp">
      <Filter>N3Base</Filter>
    </ClCompile>
    <ClCompile Include="$(SrcDir)\engine\N3Base\N3Log.cpp">
      <Filter>N3Base</Filter>
    </ClCompile>
  </ItemGroup>
  <ItemGroup>
    <ClInclude Include="DlgPMeshCreateOption.h">
      <Filter>Header Files</Filter>
    </ClInclude>
    <ClInclude Include="DlgPMeshEdit.h">
      <Filter>Header Files</Filter>
    </ClInclude>
    <ClInclude Include="MainFrm.h">
      <Filter>Header Files</Filter>
    </ClInclude>
    <ClInclude Include="N3Viewer.h">
      <Filter>Header Files</Filter>
    </ClInclude>
    <ClInclude Include="N3ViewerDoc.h">
      <Filter>Header Files</Filter>
    </ClInclude>
    <ClInclude Include="N3ViewerView.h">
      <Filter>Header Files</Filter>
    </ClInclude>
    <ClInclude Include="$(SrcDir)\tool\Widget\PropertyList.h">
      <Filter>Header Files</Filter>
    </ClInclude>
    <ClInclude Include="StdAfx.h">
      <Filter>Header Files</Filter>
    </ClInclude>
    <ClInclude Include="ViewProperty.h">
      <Filter>Header Files</Filter>
    </ClInclude>
    <ClInclude Include="ViewSceneTree.h">
      <Filter>Header Files</Filter>
    </ClInclude>
    <ClInclude Include="$(SrcDir)\engine\N3Base\BitMapFile.h">
      <Filter>N3Base</Filter>
    </ClInclude>
    <ClInclude Include="$(SrcDir)\engine\N3Base\My_3DStruct.h">
      <Filter>N3Base</Filter>
    </ClInclude>
    <ClInclude Include="$(SrcDir)\engine\N3Base\My_Macro.h">
      <Filter>N3Base</Filter>
    </ClInclude>
    <ClInclude Include="$(SrcDir)\engine\N3Base\N3AlphaPrimitiveManager.h">
      <Filter>N3Base</Filter>
    </ClInclude>
    <ClInclude Include="$(SrcDir)\engine\N3Base\N3AnimControl.h">
      <Filter>N3Base</Filter>
    </ClInclude>
    <ClInclude Include="$(SrcDir)\engine\N3Base\N3AnimKey.h">
      <Filter>N3Base</Filter>
    </ClInclude>
    <ClInclude Include="$(SrcDir)\engine\N3Base\N3Base.h">
      <Filter>N3Base</Filter>
    </ClInclude>
    <ClInclude Include="$(SrcDir)\engine\N3Base\N3BaseFileAccess.h">
      <Filter>N3Base</Filter>
    </ClInclude>
    <ClInclude Include="$(SrcDir)\engine\N3Base\N3Board.h">
      <Filter>N3Base</Filter>
    </ClInclude>
    <ClInclude Include="$(SrcDir)\engine\N3Base\N3Camera.h">
      <Filter>N3Base</Filter>
    </ClInclude>
    <ClInclude Include="$(SrcDir)\engine\N3Base\N3Chr.h">
      <Filter>N3Base</Filter>
    </ClInclude>
    <ClInclude Include="$(SrcDir)\engine\N3Base\N3Eng.h">
      <Filter>N3Base</Filter>
    </ClInclude>
    <ClInclude Include="$(SrcDir)\engine\N3Base\N3EngTool.h">
      <Filter>N3Base</Filter>
    </ClInclude>
    <ClInclude Include="$(SrcDir)\engine\N3Base\N3FXBundle.h">
      <Filter>N3Base</Filter>
    </ClInclude>
    <ClInclude Include="$(SrcDir)\engine\N3Base\N3FXPartBase.h">
      <Filter>N3Base</Filter>
    </ClInclude>
    <ClInclude Include="$(SrcDir)\engine\N3Base\N3FXPartBillBoard.h">
      <Filter>N3Base</Filter>
    </ClInclude>
    <ClInclude Include="$(SrcDir)\engine\N3Base\N3FXPartBottomBoard.h">
      <Filter>N3Base</Filter>
    </ClInclude>
    <ClInclude Include="$(SrcDir)\engine\N3Base\N3FXParticle.h">
      <Filter>N3Base</Filter>
    </ClInclude>
    <ClInclude Include="$(SrcDir)\engine\N3Base\N3FXPartMesh.h">
      <Filter>N3Base</Filter>
    </ClInclude>
    <ClInclude Include="$(SrcDir)\engine\N3Base\N3FXPartParticles.h">
      <Filter>N3Base</Filter>
    </ClInclude>
    <ClInclude Include="$(SrcDir)\engine\N3Base\N3FXPlug.h">
      <Filter>N3Base</Filter>
    </ClInclude>
    <ClInclude Include="$(SrcDir)\engine\N3Base\N3FXPMesh.h">
      <Filter>N3Base</Filter>
    </ClInclude>
    <ClInclude Include="$(SrcDir)\engine\N3Base\N3FXPMeshInstance.h">
      <Filter>N3Base</Filter>
    </ClInclude>
    <ClInclude Include="$(SrcDir)\engine\N3Base\N3FXShape.h">
      <Filter>N3Base</Filter>
    </ClInclude>
    <ClInclude Include="$(SrcDir)\engine\N3Base\N3IMesh.h">
      <Filter>N3Base</Filter>
    </ClInclude>
    <ClInclude Include="$(SrcDir)\engine\N3Base\N3Joint.h">
      <Filter>N3Base</Filter>
    </ClInclude>
    <ClInclude Include="$(SrcDir)\engine\N3Base\N3Light.h">
      <Filter>N3Base</Filter>
    </ClInclude>
    <ClInclude Include="$(SrcDir)\engine\N3Base\N3Mesh.h">
      <Filter>N3Base</Filter>
    </ClInclude>
    <ClInclude Include="$(SrcDir)\engine\N3Base\N3Mng.h">
      <Filter>N3Base</Filter>
    </ClInclude>
    <ClInclude Include="$(SrcDir)\engine\N3Base\N3PMesh.h">
      <Filter>N3Base</Filter>
    </ClInclude>
    <ClInclude Include="$(SrcDir)\engine\N3Base\N3PMeshCreate.h">
      <Filter>N3Base</Filter>
    </ClInclude>
    <ClInclude Include="$(SrcDir)\engine\N3Base\N3PMeshInstance.h">
      <Filter>N3Base</Filter>
    </ClInclude>
    <ClInclude Include="$(SrcDir)\engine\N3Base\N3Scene.h">
      <Filter>N3Base</Filter>
    </ClInclude>
    <ClInclude Include="$(SrcDir)\engine\N3Base\N3Shape.h">
      <Filter>N3Base</Filter>
    </ClInclude>
    <ClInclude Include="$(SrcDir)\engine\N3Base\N3ShapeExtra.h">
      <Filter>N3Base</Filter>
    </ClInclude>
    <ClInclude Include="$(SrcDir)\engine\N3Base\N3ShapeMod.h">
      <Filter>N3Base</Filter>
    </ClInclude>
    <ClInclude Include="$(SrcDir)\engine\N3Base\N3Skin.h">
      <Filter>N3Base</Filter>
    </ClInclude>
    <ClInclude Include="$(SrcDir)\engine\N3Base\N3Texture.h">
      <Filter>N3Base</Filter>
    </ClInclude>
    <ClInclude Include="$(SrcDir)\engine\N3Base\N3Transform.h">
      <Filter>N3Base</Filter>
    </ClInclude>
    <ClInclude Include="$(SrcDir)\engine\N3Base\N3TransformCollision.h">
      <Filter>N3Base</Filter>
    </ClInclude>
    <ClInclude Include="$(SrcDir)\common\N3Utils.h">
      <Filter>N3Base</Filter>
    </ClInclude>
    <ClInclude Include="$(SrcDir)\engine\N3Base\N3VMesh.h">
      <Filter>N3Base</Filter>
    </ClInclude>
    <ClInclude Include="$(SrcDir)\engine\N3Base\Pick.h">
      <Filter>N3Base</Filter>
    </ClInclude>
    <ClInclude Include="$(SrcDir)\engine\N3Base\N3Log.h">
      <Filter>N3Base</Filter>
    </ClInclude>
  </ItemGroup>
  <ItemGroup>
    <ClInclude Include="res\Resource.h">
      <Filter>Resource Files</Filter>
    </ClInclude>
    <ResourceCompile Include="res\N3Viewer.rc">
      <Filter>Resource Files</Filter>
    </ResourceCompile>
    <CustomBuild Include="res\N3Viewer.rc2">
      <Filter>Resource Files</Filter>
    </CustomBuild>
    <None Include="res\N3Viewer.reg">
      <Filter>Resource Files</Filter>
    </None>
    <Image Include="res\N3Viewer.ico">
      <Filter>Resource Files</Filter>
    </Image>
    <Image Include="res\N3ViewerDoc.ico">
      <Filter>Resource Files</Filter>
    </Image>
    <Image Include="res\NodeIcons.bmp">
      <Filter>Resource Files</Filter>
    </Image>
    <Image Include="res\Toolbar.bmp">
      <Filter>Resource Files</Filter>
    </Image>
  </ItemGroup>
</Project>