
Microsoft Visual Studio Solution File, Format Version 12.00
# Visual Studio Version 17
VisualStudioVersion = 17.2.32602.215
MinimumVisualStudioVersion = 10.0.40219.1
Project("{8BC9CEB8-8B4A-11D0-8D11-00A0C91BC942}") = "N3CE", "N3CE.vcxproj", "{E06F7FAD-F43A-4CAD-B25C-A0F053AE0BE6}"
EndProject
Project("{8BC9CEB8-8B4A-11D0-8D11-00A0C91BC942}") = "N3CE_BUILD", "N3CE_BUILD.vcxproj", "{4C1D27E1-3B5C-4AF6-88E4-40D9415AD623}"
EndProject
Global
	GlobalSection(SolutionConfigurationPlatforms) = preSolution
		Debug|x86 = Debug|x86
		Release|x86 = Release|x86
	EndGlobalSection
	GlobalSection(ProjectConfigurationPlatforms) = postSolution
		{E06F7FAD-F43A-4CAD-B25C-A0F053AE0BE6}.Debug|x86.ActiveCfg = Debug|Win32
		{E06F7FAD-F43A-4CAD-B25C-A0F053AE0BE6}.Release|x86.ActiveCfg = Release|Win32
		{4C1D27E1-3B5C-4AF6-88E4-40D9415AD623}.Debug|x86.ActiveCfg = Debug|Win32
		{4C1D27E1-3B5C-4AF6-88E4-40D9415AD623}.Debug|x86.Build.0 = Debug|Win32
		{4C1D27E1-3B5C-4AF6-88E4-40D9415AD623}.Release|x86.ActiveCfg = Release|Win32
		{4C1D27E1-3B5C-4AF6-88E4-40D9415AD623}.Release|x86.Build.0 = Release|Win32
	EndGlobalSection
	GlobalSection(SolutionProperties) = preSolution
		HideSolutionNode = FALSE
	EndGlobalSection
	GlobalSection(ExtensibilityGlobals) = postSolution
		SolutionGuid = {478E81A2-052B-4902-AAE8-3CADCA92BB5F}
	EndGlobalSection
EndGlobal
