<?xml version="1.0" encoding="utf-8"?>
<Project ToolsVersion="4.0" xmlns="http://schemas.microsoft.com/developer/msbuild/2003">
  <ItemGroup>
    <Filter Include="Source Files">
      <UniqueIdentifier>{70ec17f0-c0d4-4027-8668-f5463a27be1e}</UniqueIdentifier>
      <Extensions>cpp;c;cxx;rc;def;r;odl;idl;hpj;bat</Extensions>
    </Filter>
    <Filter Include="Header Files">
      <UniqueIdentifier>{ff414c61-06f3-4501-bce8-70536c4608a2}</UniqueIdentifier>
      <Extensions>h;hpp;hxx;hm;inl</Extensions>
    </Filter>
    <Filter Include="Resource Files">
      <UniqueIdentifier>{a91c4615-cad0-4463-bf86-b545685a599d}</UniqueIdentifier>
      <Extensions>ico;cur;bmp;dlg;rc2;rct;bin;rgs;gif;jpg;jpeg;jpe</Extensions>
    </Filter>
    <Filter Include="N3Base">
      <UniqueIdentifier>{5f6dc054-ed27-4afb-a7ed-ec5dcb68bd71}</UniqueIdentifier>
    </Filter>
  </ItemGroup>
  <ItemGroup>
    <ClCompile Include="MainFrm.cpp">
      <Filter>Source Files</Filter>
    </ClCompile>
    <ClCompile Include="ServerInfoViewer.cpp">
      <Filter>Source Files</Filter>
    </ClCompile>
    <ClCompile Include="ServerInfoViewerDoc.cpp">
      <Filter>Source Files</Filter>
    </ClCompile>
    <ClCompile Include="ServerInfoViewerView.cpp">
      <Filter>Source Files</Filter>
    </ClCompile>
    <ClCompile Include="StdAfx.cpp">
      <Filter>Source Files</Filter>
    </ClCompile>
    <ClCompile Include="..\..\engine\N3Base\N3Log.cpp">
      <Filter>N3Base</Filter>
    </ClCompile>
    <ClCompile Include="..\..\engine\N3Base\N3AlphaPrimitiveManager.cpp">
      <Filter>N3Base</Filter>
    </ClCompile>
    <ClCompile Include="..\..\engine\N3Base\N3AnimControl.cpp">
      <Filter>N3Base</Filter>
    </ClCompile>
    <ClCompile Include="..\..\engine\N3Base\N3AnimKey.cpp">
      <Filter>N3Base</Filter>
    </ClCompile>
    <ClCompile Include="..\..\engine\N3Base\N3Base.cpp">
      <Filter>N3Base</Filter>
    </ClCompile>
    <ClCompile Include="..\..\engine\N3Base\N3BaseFileAccess.cpp">
      <Filter>N3Base</Filter>
    </ClCompile>
    <ClCompile Include="..\..\engine\N3Base\N3Camera.cpp">
      <Filter>N3Base</Filter>
    </ClCompile>
    <ClCompile Include="..\..\engine\N3Base\N3Eng.cpp">
      <Filter>N3Base</Filter>
    </ClCompile>
    <ClCompile Include="..\..\engine\N3Base\N3EngTool.cpp">
      <Filter>N3Base</Filter>
    </ClCompile>
    <ClCompile Include="..\..\engine\N3Base\N3Light.cpp">
      <Filter>N3Base</Filter>
    </ClCompile>
    <ClCompile Include="..\..\engine\N3Base\N3Transform.cpp">
      <Filter>N3Base</Filter>
    </ClCompile>
  </ItemGroup>
  <ItemGroup>
    <ClInclude Include="MainFrm.h">
      <Filter>Header Files</Filter>
    </ClInclude>
    <ClInclude Include="ServerInfoViewer.h">
      <Filter>Header Files</Filter>
    </ClInclude>
    <ClInclude Include="ServerInfoViewerDoc.h">
      <Filter>Header Files</Filter>
    </ClInclude>
    <ClInclude Include="ServerInfoViewerView.h">
      <Filter>Header Files</Filter>
    </ClInclude>
    <ClInclude Include="StdAfx.h">
      <Filter>Header Files</Filter>
    </ClInclude>
    <ClInclude Include="..\..\engine\N3Base\N3Log.h">
      <Filter>N3Base</Filter>
    </ClInclude>
    <ClInclude Include="..\..\engine\N3Base\My_3DStruct.h">
      <Filter>N3Base</Filter>
    </ClInclude>
    <ClInclude Include="..\..\engine\N3Base\My_Macro.h">
      <Filter>N3Base</Filter>
    </ClInclude>
    <ClInclude Include="..\..\engine\N3Base\N3AlphaPrimitiveManager.h">
      <Filter>N3Base</Filter>
    </ClInclude>
    <ClInclude Include="..\..\engine\N3Base\N3AnimControl.h">
      <Filter>N3Base</Filter>
    </ClInclude>
    <ClInclude Include="..\..\engine\N3Base\N3AnimKey.h">
      <Filter>N3Base</Filter>
    </ClInclude>
    <ClInclude Include="..\..\engine\N3Base\N3Base.h">
      <Filter>N3Base</Filter>
    </ClInclude>
    <ClInclude Include="..\..\engine\N3Base\N3BaseFileAccess.h">
      <Filter>N3Base</Filter>
    </ClInclude>
    <ClInclude Include="..\..\engine\N3Base\N3Camera.h">
      <Filter>N3Base</Filter>
    </ClInclude>
    <ClInclude Include="..\..\engine\N3Base\N3Eng.h">
      <Filter>N3Base</Filter>
    </ClInclude>
    <ClInclude Include="..\..\engine\N3Base\N3EngTool.h">
      <Filter>N3Base</Filter>
    </ClInclude>
    <ClInclude Include="..\..\engine\N3Base\N3Light.h">
      <Filter>N3Base</Filter>
    </ClInclude>
    <ClInclude Include="..\..\engine\N3Base\N3Mng.h">
      <Filter>N3Base</Filter>
    </ClInclude>
    <ClInclude Include="..\..\engine\N3Base\N3Transform.h">
      <Filter>N3Base</Filter>
    </ClInclude>
    <ClInclude Include="..\..\common\N3Utils.h">
      <Filter>N3Base</Filter>
    </ClInclude>
  </ItemGroup>
  <ItemGroup>
    <ClInclude Include="res\Resource.h">
      <Filter>Resource Files</Filter>
    </ClInclude>
    <ResourceCompile Include="res\ServerInfoViewer.rc">
      <Filter>Resource Files</Filter>
    </ResourceCompile>
    <CustomBuild Include="res\ServerInfoViewer.rc2">
      <Filter>Resource Files</Filter>
    </CustomBuild>
    <Image Include="res\ServerInfoViewer.ico">
      <Filter>Resource Files</Filter>
    </Image>
    <Image Include="res\ServerInfoViewerDoc.ico">
      <Filter>Resource Files</Filter>
    </Image>
    <Image Include="res\Toolbar.bmp">
      <Filter>Resource Files</Filter>
    </Image>
  </ItemGroup>
</Project>