<?xml version="1.0" encoding="utf-8"?>
<Project ToolsVersion="4.0" xmlns="http://schemas.microsoft.com/developer/msbuild/2003">
  <ItemGroup>
    <Filter Include="Source Files">
      <UniqueIdentifier>{33a2b37e-02d8-4123-b356-1a42cbe6c3a3}</UniqueIdentifier>
      <Extensions>cpp;c;cxx;rc;def;r;odl;idl;hpj;bat</Extensions>
    </Filter>
    <Filter Include="Header Files">
      <UniqueIdentifier>{16206dab-bd56-48c8-bfb5-b3f9538b13a8}</UniqueIdentifier>
      <Extensions>h;hpp;hxx;hm;inl</Extensions>
    </Filter>
    <Filter Include="Resource Files">
      <UniqueIdentifier>{736b380f-814d-40f4-9ea3-3adda9c59133}</UniqueIdentifier>
      <Extensions>ico;cur;bmp;dlg;rc2;rct;bin;rgs;gif;jpg;jpeg;jpe</Extensions>
    </Filter>
    <Filter Include="N3Base">
      <UniqueIdentifier>{ddb96eb5-8a6e-473b-b91d-79de3626e49c}</UniqueIdentifier>
    </Filter>
    <Filter Include="N3Base\FX">
      <UniqueIdentifier>{c3532b8e-a691-42dd-bda1-244b4f103379}</UniqueIdentifier>
    </Filter>
  </ItemGroup>
  <ItemGroup>
    <ClCompile Include="FormViewAnimation.cpp">
      <Filter>Source Files</Filter>
    </ClCompile>
    <ClCompile Include="FormViewProperty.cpp">
      <Filter>Source Files</Filter>
    </ClCompile>
    <ClCompile Include="FormViewTool.cpp">
      <Filter>Source Files</Filter>
    </ClCompile>
    <ClCompile Include="MacSliderCtrl.cpp">
      <Filter>Source Files</Filter>
    </ClCompile>
    <ClCompile Include="MainFrm.cpp">
      <Filter>Source Files</Filter>
    </ClCompile>
    <ClCompile Include="N3CE.cpp">
      <Filter>Source Files</Filter>
    </ClCompile>
    <ClCompile Include="N3CEDoc.cpp">
      <Filter>Source Files</Filter>
    </ClCompile>
    <ClCompile Include="N3CEView.cpp">
      <Filter>Source Files</Filter>
    </ClCompile>
    <ClCompile Include="..\..\engine\N3Base\Pick.cpp">
      <Filter>Source Files</Filter>
    </ClCompile>
    <ClCompile Include="PosDummy.cpp">
      <Filter>Source Files</Filter>
    </ClCompile>
    <ClCompile Include="..\Widget\PropertyList.cpp">
      <Filter>Source Files</Filter>
    </ClCompile>
    <ClCompile Include="StdAfx.cpp">
      <Filter>Source Files</Filter>
    </ClCompile>
    <ClCompile Include="TransDummy.cpp">
      <Filter>Source Files</Filter>
    </ClCompile>
    <ClCompile Include="..\..\engine\N3Base\N3FXBundle.cpp">
      <Filter>N3Base\FX</Filter>
    </ClCompile>
    <ClCompile Include="..\..\engine\N3Base\N3FXPartBase.cpp">
      <Filter>N3Base\FX</Filter>
    </ClCompile>
    <ClCompile Include="..\..\engine\N3Base\N3FXPartBillBoard.cpp">
      <Filter>N3Base\FX</Filter>
    </ClCompile>
    <ClCompile Include="..\..\engine\N3Base\N3FXPartBottomBoard.cpp">
      <Filter>N3Base\FX</Filter>
    </ClCompile>
    <ClCompile Include="..\..\engine\N3Base\N3FXParticle.cpp">
      <Filter>N3Base\FX</Filter>
    </ClCompile>
    <ClCompile Include="..\..\engine\N3Base\N3FXPartMesh.cpp">
      <Filter>N3Base\FX</Filter>
    </ClCompile>
    <ClCompile Include="..\..\engine\N3Base\N3FXPartParticles.cpp">
      <Filter>N3Base\FX</Filter>
    </ClCompile>
    <ClCompile Include="..\..\engine\N3Base\N3FXPMesh.cpp">
      <Filter>N3Base\FX</Filter>
    </ClCompile>
    <ClCompile Include="..\..\engine\N3Base\N3FXPMeshInstance.cpp">
      <Filter>N3Base\FX</Filter>
    </ClCompile>
    <ClCompile Include="..\..\engine\N3Base\N3FXShape.cpp">
      <Filter>N3Base\FX</Filter>
    </ClCompile>
    <ClCompile Include="..\..\engine\N3Base\BitMapFile.cpp">
      <Filter>N3Base</Filter>
    </ClCompile>
    <ClCompile Include="..\..\engine\N3Base\N3AlphaPrimitiveManager.cpp">
      <Filter>N3Base</Filter>
    </ClCompile>
    <ClCompile Include="..\..\engine\N3Base\N3AnimControl.cpp">
      <Filter>N3Base</Filter>
    </ClCompile>
    <ClCompile Include="..\..\engine\N3Base\N3AnimKey.cpp">
      <Filter>N3Base</Filter>
    </ClCompile>
    <ClCompile Include="..\..\engine\N3Base\N3Base.cpp">
      <Filter>N3Base</Filter>
    </ClCompile>
    <ClCompile Include="..\..\engine\N3Base\N3BaseFileAccess.cpp">
      <Filter>N3Base</Filter>
    </ClCompile>
    <ClCompile Include="..\..\engine\N3Base\N3Board.cpp">
      <Filter>N3Base</Filter>
    </ClCompile>
    <ClCompile Include="..\..\engine\N3Base\N3Camera.cpp">
      <Filter>N3Base</Filter>
    </ClCompile>
    <ClCompile Include="..\..\engine\N3Base\N3Chr.cpp">
      <Filter>N3Base</Filter>
    </ClCompile>
    <ClCompile Include="..\..\engine\N3Base\N3Eng.cpp">
      <Filter>N3Base</Filter>
    </ClCompile>
    <ClCompile Include="..\..\engine\N3Base\N3EngTool.cpp">
      <Filter>N3Base</Filter>
    </ClCompile>
    <ClCompile Include="..\..\engine\N3Base\N3FXPlug.cpp">
      <Filter>N3Base</Filter>
    </ClCompile>
    <ClCompile Include="..\..\engine\N3Base\N3IMesh.cpp">
      <Filter>N3Base</Filter>
    </ClCompile>
    <ClCompile Include="..\..\engine\N3Base\N3Joint.cpp">
      <Filter>N3Base</Filter>
    </ClCompile>
    <ClCompile Include="..\..\engine\N3Base\N3Light.cpp">
      <Filter>N3Base</Filter>
    </ClCompile>
    <ClCompile Include="..\..\engine\N3Base\N3Mesh.cpp">
      <Filter>N3Base</Filter>
    </ClCompile>
    <ClCompile Include="..\..\engine\N3Base\N3PMesh.cpp">
      <Filter>N3Base</Filter>
    </ClCompile>
    <ClCompile Include="..\..\engine\N3Base\N3PMeshCreate.cpp">
      <Filter>N3Base</Filter>
    </ClCompile>
    <ClCompile Include="..\..\engine\N3Base\N3PMeshInstance.cpp">
      <Filter>N3Base</Filter>
    </ClCompile>
    <ClCompile Include="..\..\engine\N3Base\N3Scene.cpp">
      <Filter>N3Base</Filter>
    </ClCompile>
    <ClCompile Include="..\..\engine\N3Base\N3Shape.cpp">
      <Filter>N3Base</Filter>
    </ClCompile>
    <ClCompile Include="..\..\engine\N3Base\N3ShapeExtra.cpp">
      <Filter>N3Base</Filter>
    </ClCompile>
    <ClCompile Include="..\..\engine\N3Base\N3Skin.cpp">
      <Filter>N3Base</Filter>
    </ClCompile>
    <ClCompile Include="..\..\engine\N3Base\N3SndMgr.cpp">
      <Filter>N3Base</Filter>
    </ClCompile>
    <ClCompile Include="..\..\engine\N3Base\N3SndObj.cpp">
      <Filter>N3Base</Filter>
    </ClCompile>
    <ClCompile Include="..\..\engine\N3Base\N3SndObjStream.cpp">
      <Filter>N3Base</Filter>
    </ClCompile>
    <ClCompile Include="..\..\engine\N3Base\N3Texture.cpp">
      <Filter>N3Base</Filter>
    </ClCompile>
    <ClCompile Include="..\..\engine\N3Base\N3Transform.cpp">
      <Filter>N3Base</Filter>
    </ClCompile>
    <ClCompile Include="..\..\engine\N3Base\N3TransformCollision.cpp">
      <Filter>N3Base</Filter>
    </ClCompile>
    <ClCompile Include="..\..\engine\N3Base\N3VMesh.cpp">
      <Filter>N3Base</Filter>
    </ClCompile>
    <ClCompile Include="..\..\engine\N3Base\WaveFile.cpp">
      <Filter>N3Base</Filter>
    </ClCompile>
  </ItemGroup>
  <ItemGroup>
    <ResourceCompile Include="N3CE.rc">
      <Filter>Source Files</Filter>
    </ResourceCompile>
  </ItemGroup>
  <ItemGroup>
    <ClInclude Include="FormViewAnimation.h">
      <Filter>Header Files</Filter>
    </ClInclude>
    <ClInclude Include="FormViewProperty.h">
      <Filter>Header Files</Filter>
    </ClInclude>
    <ClInclude Include="FormViewTool.h">
      <Filter>Header Files</Filter>
    </ClInclude>
    <ClInclude Include="MacSliderCtrl.h">
      <Filter>Header Files</Filter>
    </ClInclude>
    <ClInclude Include="MainFrm.h">
      <Filter>Header Files</Filter>
    </ClInclude>
    <ClInclude Include="N3CE.h">
      <Filter>Header Files</Filter>
    </ClInclude>
    <ClInclude Include="N3CEDoc.h">
      <Filter>Header Files</Filter>
    </ClInclude>
    <ClInclude Include="N3CEView.h">
      <Filter>Header Files</Filter>
    </ClInclude>
    <ClInclude Include="..\..\engine\N3Base\Pick.h">
      <Filter>Header Files</Filter>
    </ClInclude>
    <ClInclude Include="PosDummy.h">
      <Filter>Header Files</Filter>
    </ClInclude>
    <ClInclude Include="..\Widget\PropertyList.h">
      <Filter>Header Files</Filter>
    </ClInclude>
    <ClInclude Include="Resource.h">
      <Filter>Header Files</Filter>
    </ClInclude>
    <ClInclude Include="StdAfx.h">
      <Filter>Header Files</Filter>
    </ClInclude>
    <ClInclude Include="TransDummy.h">
      <Filter>Header Files</Filter>
    </ClInclude>
    <ClInclude Include="..\..\engine\N3Base\N3FXBundle.h">
      <Filter>N3Base\FX</Filter>
    </ClInclude>
    <ClInclude Include="..\..\engine\N3Base\N3FXPartBase.h">
      <Filter>N3Base\FX</Filter>
    </ClInclude>
    <ClInclude Include="..\..\engine\N3Base\N3FXPartBillBoard.h">
      <Filter>N3Base\FX</Filter>
    </ClInclude>
    <ClInclude Include="..\..\engine\N3Base\N3FXPartBottomBoard.h">
      <Filter>N3Base\FX</Filter>
    </ClInclude>
    <ClInclude Include="..\..\engine\N3Base\N3FXParticle.h">
      <Filter>N3Base\FX</Filter>
    </ClInclude>
    <ClInclude Include="..\..\engine\N3Base\N3FXPartMesh.h">
      <Filter>N3Base\FX</Filter>
    </ClInclude>
    <ClInclude Include="..\..\engine\N3Base\N3FXPartParticles.h">
      <Filter>N3Base\FX</Filter>
    </ClInclude>
    <ClInclude Include="..\..\engine\N3Base\N3FXPMesh.h">
      <Filter>N3Base\FX</Filter>
    </ClInclude>
    <ClInclude Include="..\..\engine\N3Base\N3FXPMeshInstance.h">
      <Filter>N3Base\FX</Filter>
    </ClInclude>
    <ClInclude Include="..\..\engine\N3Base\N3FXShape.h">
      <Filter>N3Base\FX</Filter>
    </ClInclude>
    <ClInclude Include="..\..\engine\N3Base\BitMapFile.h">
      <Filter>N3Base</Filter>
    </ClInclude>
    <ClInclude Include="..\..\engine\N3Base\My_3DStruct.h">
      <Filter>N3Base</Filter>
    </ClInclude>
    <ClInclude Include="..\..\engine\N3Base\N3AlphaPrimitiveManager.h">
      <Filter>N3Base</Filter>
    </ClInclude>
    <ClInclude Include="..\..\engine\N3Base\N3AnimControl.h">
      <Filter>N3Base</Filter>
    </ClInclude>
    <ClInclude Include="..\..\engine\N3Base\N3AnimKey.h">
      <Filter>N3Base</Filter>
    </ClInclude>
    <ClInclude Include="..\..\engine\N3Base\N3Base.h">
      <Filter>N3Base</Filter>
    </ClInclude>
    <ClInclude Include="..\..\engine\N3Base\N3BaseFileAccess.h">
      <Filter>N3Base</Filter>
    </ClInclude>
    <ClInclude Include="..\..\engine\N3Base\N3Board.h">
      <Filter>N3Base</Filter>
    </ClInclude>
    <ClInclude Include="..\..\engine\N3Base\N3Camera.h">
      <Filter>N3Base</Filter>
    </ClInclude>
    <ClInclude Include="..\..\engine\N3Base\N3Chr.h">
      <Filter>N3Base</Filter>
    </ClInclude>
    <ClInclude Include="..\..\engine\N3Base\N3Cloak.h">
      <Filter>N3Base</Filter>
    </ClInclude>
    <ClInclude Include="..\..\engine\N3Base\N3Eng.h">
      <Filter>N3Base</Filter>
    </ClInclude>
    <ClInclude Include="..\..\engine\N3Base\N3EngTool.h">
      <Filter>N3Base</Filter>
    </ClInclude>
    <ClInclude Include="..\..\engine\N3Base\N3FXPlug.h">
      <Filter>N3Base</Filter>
    </ClInclude>
    <ClInclude Include="..\..\engine\N3Base\N3IMesh.h">
      <Filter>N3Base</Filter>
    </ClInclude>
    <ClInclude Include="..\..\engine\N3Base\N3Joint.h">
      <Filter>N3Base</Filter>
    </ClInclude>
    <ClInclude Include="..\..\engine\N3Base\N3Light.h">
      <Filter>N3Base</Filter>
    </ClInclude>
    <ClInclude Include="..\..\engine\N3Base\N3Mesh.h">
      <Filter>N3Base</Filter>
    </ClInclude>
    <ClInclude Include="..\..\engine\N3Base\N3Mng.h">
      <Filter>N3Base</Filter>
    </ClInclude>
    <ClInclude Include="..\..\engine\N3Base\N3PMesh.h">
      <Filter>N3Base</Filter>
    </ClInclude>
    <ClInclude Include="..\..\engine\N3Base\N3PMeshCreate.h">
      <Filter>N3Base</Filter>
    </ClInclude>
    <ClInclude Include="..\..\engine\N3Base\N3PMeshInstance.h">
      <Filter>N3Base</Filter>
    </ClInclude>
    <ClInclude Include="..\..\engine\N3Base\N3Scene.h">
      <Filter>N3Base</Filter>
    </ClInclude>
    <ClInclude Include="..\..\engine\N3Base\N3Shape.h">
      <Filter>N3Base</Filter>
    </ClInclude>
    <ClInclude Include="..\..\engine\N3Base\N3ShapeExtra.h">
      <Filter>N3Base</Filter>
    </ClInclude>
    <ClInclude Include="..\..\engine\N3Base\N3Skin.h">
      <Filter>N3Base</Filter>
    </ClInclude>
    <ClInclude Include="..\..\engine\N3Base\N3SndDef.h">
      <Filter>N3Base</Filter>
    </ClInclude>
    <ClInclude Include="..\..\engine\N3Base\N3SndMgr.h">
      <Filter>N3Base</Filter>
    </ClInclude>
    <ClInclude Include="..\..\engine\N3Base\N3SndObj.h">
      <Filter>N3Base</Filter>
    </ClInclude>
    <ClInclude Include="..\..\engine\N3Base\N3SndObjStream.h">
      <Filter>N3Base</Filter>
    </ClInclude>
    <ClInclude Include="..\..\engine\N3Base\N3TableBase.h">
      <Filter>N3Base</Filter>
    </ClInclude>
    <ClInclude Include="..\..\engine\N3Base\N3Texture.h">
      <Filter>N3Base</Filter>
    </ClInclude>
    <ClInclude Include="..\..\engine\N3Base\N3Transform.h">
      <Filter>N3Base</Filter>
    </ClInclude>
    <ClInclude Include="..\..\engine\N3Base\N3TransformCollision.h">
      <Filter>N3Base</Filter>
    </ClInclude>
    <ClInclude Include="..\..\engine\N3Base\N3VMesh.h">
      <Filter>N3Base</Filter>
    </ClInclude>
    <ClInclude Include="..\..\engine\N3Base\WaveFile.h">
      <Filter>N3Base</Filter>
    </ClInclude>
  </ItemGroup>
  <ItemGroup>
    <Image Include="res\N3CE.ico">
      <Filter>Resource Files</Filter>
    </Image>
    <Image Include="res\N3CEDoc.ico">
      <Filter>Resource Files</Filter>
    </Image>
    <Image Include="res\NodeIcons.bmp">
      <Filter>Resource Files</Filter>
    </Image>
    <Image Include="res\Toolbar.bmp">
      <Filter>Resource Files</Filter>
    </Image>
  </ItemGroup>
  <ItemGroup>
    <Text Include="ReadMe.txt" />
  </ItemGroup>
  <ItemGroup>
    <CustomBuild Include="res\N3CE.rc2">
      <Filter>Resource Files</Filter>
    </CustomBuild>
  </ItemGroup>
</Project>