
Microsoft Visual Studio Solution File, Format Version 12.00
# Visual Studio Version 17
VisualStudioVersion = 17.2.32602.215
MinimumVisualStudioVersion = 10.0.40219.1
Project("{8BC9CEB8-8B4A-11D0-8D11-00A0C91BC942}") = "ZipArchive", "ZipArchive.vcxproj", "{97039C5A-4F35-404C-B6D5-8854BD991AD5}"
EndProject
Project("{8BC9CEB8-8B4A-11D0-8D11-00A0C91BC942}") = "ZipArchive_BUILD", "ZipArchive_BUILD.vcxproj", "{4C1D27E1-3B5C-4AF6-88E4-40D9415AD623}"
EndProject
Global
	GlobalSection(SolutionConfigurationPlatforms) = preSolution
		Debug|x86 = Debug|x86
		Release|x86 = Release|x86
		Static Release|x86 = Static Release|x86
		Unicode Debug|x86 = Unicode Debug|x86
		Unicode Release|x86 = Unicode Release|x86
		Unicode Static Release|x86 = Unicode Static Release|x86
	EndGlobalSection
	GlobalSection(ProjectConfigurationPlatforms) = postSolution
		{97039C5A-4F35-404C-B6D5-8854BD991AD5}.Debug|x86.ActiveCfg = Debug|Win32
		{97039C5A-4F35-404C-B6D5-8854BD991AD5}.Release|x86.ActiveCfg = Release|Win32
		{97039C5A-4F35-404C-B6D5-8854BD991AD5}.Static Release|x86.ActiveCfg = Static Release|Win32
		{97039C5A-4F35-404C-B6D5-8854BD991AD5}.Unicode Debug|x86.ActiveCfg = Unicode Debug|Win32
		{97039C5A-4F35-404C-B6D5-8854BD991AD5}.Unicode Release|x86.ActiveCfg = Unicode Release|Win32
		{97039C5A-4F35-404C-B6D5-8854BD991AD5}.Unicode Static Release|x86.ActiveCfg = Unicode Static Release|Win32
		{4C1D27E1-3B5C-4AF6-88E4-40D9415AD623}.Debug|x86.ActiveCfg = Debug|Win32
		{4C1D27E1-3B5C-4AF6-88E4-40D9415AD623}.Debug|x86.Build.0 = Debug|Win32
		{4C1D27E1-3B5C-4AF6-88E4-40D9415AD623}.Release|x86.ActiveCfg = Release|Win32
		{4C1D27E1-3B5C-4AF6-88E4-40D9415AD623}.Release|x86.Build.0 = Release|Win32
		{4C1D27E1-3B5C-4AF6-88E4-40D9415AD623}.Static Release|x86.ActiveCfg = Static Release|Win32
		{4C1D27E1-3B5C-4AF6-88E4-40D9415AD623}.Static Release|x86.Build.0 = Static Release|Win32
		{4C1D27E1-3B5C-4AF6-88E4-40D9415AD623}.Unicode Debug|x86.ActiveCfg = Unicode Debug|Win32
		{4C1D27E1-3B5C-4AF6-88E4-40D9415AD623}.Unicode Debug|x86.Build.0 = Unicode Debug|Win32
		{4C1D27E1-3B5C-4AF6-88E4-40D9415AD623}.Unicode Release|x86.ActiveCfg = Unicode Release|Win32
		{4C1D27E1-3B5C-4AF6-88E4-40D9415AD623}.Unicode Release|x86.Build.0 = Unicode Release|Win32
		{4C1D27E1-3B5C-4AF6-88E4-40D9415AD623}.Unicode Static Release|x86.ActiveCfg = Unicode Static Release|Win32
		{4C1D27E1-3B5C-4AF6-88E4-40D9415AD623}.Unicode Static Release|x86.Build.0 = Unicode Static Release|Win32
	EndGlobalSection
	GlobalSection(SolutionProperties) = preSolution
		HideSolutionNode = FALSE
	EndGlobalSection
	GlobalSection(ExtensibilityGlobals) = postSolution
		SolutionGuid = {E40C9E6B-8716-47EA-A42B-B79D7BF8EFBA}
	EndGlobalSection
EndGlobal
