
Microsoft Visual Studio Solution File, Format Version 12.00
# Visual Studio Version 17
VisualStudioVersion = 17.2.32602.215
MinimumVisualStudioVersion = 10.0.40219.1
Project("{8BC9CEB8-8B4A-11D0-8D11-00A0C91BC942}") = "ItemManager", "ItemManager.vcxproj", "{F23059FC-FE26-4F90-A25B-9BF11ABB4E9A}"
EndProject
Project("{8BC9CEB8-8B4A-11D0-8D11-00A0C91BC942}") = "ItemManager_BUILD", "ItemManager_BUILD.vcxproj", "{4C1D27E1-3B5C-4AF6-88E4-40D9415AD623}"
EndProject
Global
	GlobalSection(SolutionConfigurationPlatforms) = preSolution
		Debug|x86 = Debug|x86
		Release|x86 = Release|x86
	EndGlobalSection
	GlobalSection(ProjectConfigurationPlatforms) = postSolution
		{F23059FC-FE26-4F90-A25B-9BF11ABB4E9A}.Debug|x86.ActiveCfg = Debug|Win32
		{F23059FC-FE26-4F90-A25B-9BF11ABB4E9A}.Release|x86.ActiveCfg = Release|Win32
		{4C1D27E1-3B5C-4AF6-88E4-40D9415AD623}.Debug|x86.ActiveCfg = Debug|Win32
		{4C1D27E1-3B5C-4AF6-88E4-40D9415AD623}.Debug|x86.Build.0 = Debug|Win32
		{4C1D27E1-3B5C-4AF6-88E4-40D9415AD623}.Release|x86.ActiveCfg = Release|Win32
		{4C1D27E1-3B5C-4AF6-88E4-40D9415AD623}.Release|x86.Build.0 = Release|Win32
	EndGlobalSection
	GlobalSection(SolutionProperties) = preSolution
		HideSolutionNode = FALSE
	EndGlobalSection
	GlobalSection(ExtensibilityGlobals) = postSolution
		SolutionGuid = {A7AC51BA-C0B8-484A-81D6-70C404EADF5B}
	EndGlobalSection
EndGlobal
