<?xml version="1.0" encoding="utf-8"?>
<Project ToolsVersion="4.0" xmlns="http://schemas.microsoft.com/developer/msbuild/2003">
  <ItemGroup>
    <Filter Include="Source Files">
      <UniqueIdentifier>{cd98f714-0b18-484c-8e9f-04b66ffa8ea7}</UniqueIdentifier>
      <Extensions>cpp;c;cxx;rc;def;r;odl;idl;hpj;bat</Extensions>
    </Filter>
    <Filter Include="Header Files">
      <UniqueIdentifier>{f086e53a-dc66-45fc-bc2f-796e3cc00e0f}</UniqueIdentifier>
      <Extensions>h;hpp;hxx;hm;inl</Extensions>
    </Filter>
    <Filter Include="Resource Files">
      <UniqueIdentifier>{658bc87d-db5c-4578-985d-b99696b286d4}</UniqueIdentifier>
      <Extensions>ico;cur;bmp;dlg;rc2;rct;bin;rgs;gif;jpg;jpeg;jpe</Extensions>
    </Filter>
    <Filter Include="N3Base">
      <UniqueIdentifier>{7abc3b16-fb00-4a41-ae46-1d9bf8f3736e}</UniqueIdentifier>
    </Filter>
  </ItemGroup>
  <ItemGroup>
    <ClCompile Include="FormViewProperty.cpp">
      <Filter>Source Files</Filter>
    </ClCompile>
    <ClCompile Include="MainFrm.cpp">
      <Filter>Source Files</Filter>
    </ClCompile>
    <ClCompile Include="..\Widget\PropertyList.cpp">
      <Filter>Source Files</Filter>
    </ClCompile>
    <ClCompile Include="SkyViewer.cpp">
      <Filter>Source Files</Filter>
    </ClCompile>
    <ClCompile Include="SkyViewerDoc.cpp">
      <Filter>Source Files</Filter>
    </ClCompile>
    <ClCompile Include="SkyViewerView.cpp">
      <Filter>Source Files</Filter>
    </ClCompile>
    <ClCompile Include="StdAfx.cpp">
      <Filter>Source Files</Filter>
    </ClCompile>
    <ClCompile Include="..\..\engine\N3Base\BitMapFile.cpp">
      <Filter>N3Base</Filter>
    </ClCompile>
    <ClCompile Include="..\..\engine\N3Base\N3AlphaPrimitiveManager.cpp">
      <Filter>N3Base</Filter>
    </ClCompile>
    <ClCompile Include="..\..\engine\N3Base\N3AnimKey.cpp">
      <Filter>N3Base</Filter>
    </ClCompile>
    <ClCompile Include="..\..\engine\N3Base\N3Base.cpp">
      <Filter>N3Base</Filter>
    </ClCompile>
    <ClCompile Include="..\..\engine\N3Base\N3BaseFileAccess.cpp">
      <Filter>N3Base</Filter>
    </ClCompile>
    <ClCompile Include="..\..\engine\N3Base\N3Camera.cpp">
      <Filter>N3Base</Filter>
    </ClCompile>
    <ClCompile Include="..\..\engine\N3Base\N3Cloud.cpp">
      <Filter>N3Base</Filter>
    </ClCompile>
    <ClCompile Include="..\..\engine\N3Base\N3ColorChange.cpp">
      <Filter>N3Base</Filter>
    </ClCompile>
    <ClCompile Include="..\..\engine\N3Base\N3Eng.cpp">
      <Filter>N3Base</Filter>
    </ClCompile>
    <ClCompile Include="..\..\engine\N3Base\N3EngTool.cpp">
      <Filter>N3Base</Filter>
    </ClCompile>
    <ClCompile Include="..\..\engine\N3Base\N3GERain.cpp">
      <Filter>N3Base</Filter>
    </ClCompile>
    <ClCompile Include="..\..\engine\N3Base\N3GESnow.cpp">
      <Filter>N3Base</Filter>
    </ClCompile>
    <ClCompile Include="..\..\engine\N3Base\N3GlobalEffect.cpp">
      <Filter>N3Base</Filter>
    </ClCompile>
    <ClCompile Include="..\..\engine\N3Base\N3GlobalEffectMng.cpp">
      <Filter>N3Base</Filter>
    </ClCompile>
    <ClCompile Include="..\..\engine\N3Base\N3IMesh.cpp">
      <Filter>N3Base</Filter>
    </ClCompile>
    <ClCompile Include="..\..\engine\N3Base\N3Light.cpp">
      <Filter>N3Base</Filter>
    </ClCompile>
    <ClCompile Include="..\..\engine\N3Base\N3Moon.cpp">
      <Filter>N3Base</Filter>
    </ClCompile>
    <ClCompile Include="..\..\engine\N3Base\N3PMesh.cpp">
      <Filter>N3Base</Filter>
    </ClCompile>
    <ClCompile Include="..\..\engine\N3Base\N3PMeshInstance.cpp">
      <Filter>N3Base</Filter>
    </ClCompile>
    <ClCompile Include="..\..\engine\N3Base\N3Shape.cpp">
      <Filter>N3Base</Filter>
    </ClCompile>
    <ClCompile Include="..\..\engine\N3Base\N3Sky.cpp">
      <Filter>N3Base</Filter>
    </ClCompile>
    <ClCompile Include="..\..\engine\N3Base\N3SkyMng.cpp">
      <Filter>N3Base</Filter>
    </ClCompile>
    <ClCompile Include="..\..\engine\N3Base\N3Star.cpp">
      <Filter>N3Base</Filter>
    </ClCompile>
    <ClCompile Include="..\..\engine\N3Base\N3Sun.cpp">
      <Filter>N3Base</Filter>
    </ClCompile>
    <ClCompile Include="..\..\engine\N3Base\N3Texture.cpp">
      <Filter>N3Base</Filter>
    </ClCompile>
    <ClCompile Include="..\..\engine\N3Base\N3Transform.cpp">
      <Filter>N3Base</Filter>
    </ClCompile>
    <ClCompile Include="..\..\engine\N3Base\N3TransformCollision.cpp">
      <Filter>N3Base</Filter>
    </ClCompile>
    <ClCompile Include="..\..\engine\N3Base\N3VMesh.cpp">
      <Filter>N3Base</Filter>
    </ClCompile>
  </ItemGroup>
  <ItemGroup>
    <ResourceCompile Include="SkyViewer.rc">
      <Filter>Source Files</Filter>
    </ResourceCompile>
  </ItemGroup>
  <ItemGroup>
    <ClInclude Include="FormViewProperty.h">
      <Filter>Header Files</Filter>
    </ClInclude>
    <ClInclude Include="MainFrm.h">
      <Filter>Header Files</Filter>
    </ClInclude>
    <ClInclude Include="..\Widget\PropertyList.h">
      <Filter>Header Files</Filter>
    </ClInclude>
    <ClInclude Include="Resource.h">
      <Filter>Header Files</Filter>
    </ClInclude>
    <ClInclude Include="SkyViewer.h">
      <Filter>Header Files</Filter>
    </ClInclude>
    <ClInclude Include="SkyViewerDoc.h">
      <Filter>Header Files</Filter>
    </ClInclude>
    <ClInclude Include="SkyViewerView.h">
      <Filter>Header Files</Filter>
    </ClInclude>
    <ClInclude Include="StdAfx.h">
      <Filter>Header Files</Filter>
    </ClInclude>
    <ClInclude Include="..\..\engine\N3Base\BitMapFile.h">
      <Filter>N3Base</Filter>
    </ClInclude>
    <ClInclude Include="..\..\engine\N3Base\My_3DStruct.h">
      <Filter>N3Base</Filter>
    </ClInclude>
    <ClInclude Include="..\..\engine\N3Base\N3AlphaPrimitiveManager.h">
      <Filter>N3Base</Filter>
    </ClInclude>
    <ClInclude Include="..\..\engine\N3Base\N3AnimKey.h">
      <Filter>N3Base</Filter>
    </ClInclude>
    <ClInclude Include="..\..\engine\N3Base\N3Base.h">
      <Filter>N3Base</Filter>
    </ClInclude>
    <ClInclude Include="..\..\engine\N3Base\N3BaseFileAccess.h">
      <Filter>N3Base</Filter>
    </ClInclude>
    <ClInclude Include="..\..\engine\N3Base\N3Camera.h">
      <Filter>N3Base</Filter>
    </ClInclude>
    <ClInclude Include="..\..\engine\N3Base\N3Cloud.h">
      <Filter>N3Base</Filter>
    </ClInclude>
    <ClInclude Include="..\..\engine\N3Base\N3ColorChange.h">
      <Filter>N3Base</Filter>
    </ClInclude>
    <ClInclude Include="..\..\engine\N3Base\N3Eng.h">
      <Filter>N3Base</Filter>
    </ClInclude>
    <ClInclude Include="..\..\engine\N3Base\N3EngTool.h">
      <Filter>N3Base</Filter>
    </ClInclude>
    <ClInclude Include="..\..\engine\N3Base\N3GERain.h">
      <Filter>N3Base</Filter>
    </ClInclude>
    <ClInclude Include="..\..\engine\N3Base\N3GESnow.h">
      <Filter>N3Base</Filter>
    </ClInclude>
    <ClInclude Include="..\..\engine\N3Base\N3GlobalEffect.h">
      <Filter>N3Base</Filter>
    </ClInclude>
    <ClInclude Include="..\..\engine\N3Base\N3GlobalEffectMng.h">
      <Filter>N3Base</Filter>
    </ClInclude>
    <ClInclude Include="..\..\engine\N3Base\N3IMesh.h">
      <Filter>N3Base</Filter>
    </ClInclude>
    <ClInclude Include="..\..\engine\N3Base\N3Light.h">
      <Filter>N3Base</Filter>
    </ClInclude>
    <ClInclude Include="..\..\engine\N3Base\N3Mng.h">
      <Filter>N3Base</Filter>
    </ClInclude>
    <ClInclude Include="..\..\engine\N3Base\N3Moon.h">
      <Filter>N3Base</Filter>
    </ClInclude>
    <ClInclude Include="..\..\engine\N3Base\N3PMesh.h">
      <Filter>N3Base</Filter>
    </ClInclude>
    <ClInclude Include="..\..\engine\N3Base\N3PMeshInstance.h">
      <Filter>N3Base</Filter>
    </ClInclude>
    <ClInclude Include="..\..\engine\N3Base\N3Shape.h">
      <Filter>N3Base</Filter>
    </ClInclude>
    <ClInclude Include="..\..\engine\N3Base\N3Sky.h">
      <Filter>N3Base</Filter>
    </ClInclude>
    <ClInclude Include="..\..\engine\N3Base\N3SkyMng.h">
      <Filter>N3Base</Filter>
    </ClInclude>
    <ClInclude Include="..\..\engine\N3Base\N3Star.h">
      <Filter>N3Base</Filter>
    </ClInclude>
    <ClInclude Include="..\..\engine\N3Base\N3Sun.h">
      <Filter>N3Base</Filter>
    </ClInclude>
    <ClInclude Include="..\..\engine\N3Base\N3Texture.h">
      <Filter>N3Base</Filter>
    </ClInclude>
    <ClInclude Include="..\..\engine\N3Base\N3Transform.h">
      <Filter>N3Base</Filter>
    </ClInclude>
    <ClInclude Include="..\..\engine\N3Base\N3TransformCollision.h">
      <Filter>N3Base</Filter>
    </ClInclude>
    <ClInclude Include="..\..\engine\N3Base\N3VMesh.h">
      <Filter>N3Base</Filter>
    </ClInclude>
  </ItemGroup>
  <ItemGroup>
    <Image Include="res\SkyViewer.ico">
      <Filter>Resource Files</Filter>
    </Image>
    <Image Include="res\SkyViewerDoc.ico">
      <Filter>Resource Files</Filter>
    </Image>
    <Image Include="res\Toolbar.bmp">
      <Filter>Resource Files</Filter>
    </Image>
  </ItemGroup>
  <ItemGroup>
    <CustomBuild Include="res\SkyViewer.rc2">
      <Filter>Resource Files</Filter>
    </CustomBuild>
  </ItemGroup>
</Project>