<?xml version="1.0" encoding="utf-8"?>
<Project ToolsVersion="4.0" xmlns="http://schemas.microsoft.com/developer/msbuild/2003">
  <ItemGroup>
    <Filter Include="Source Files">
      <UniqueIdentifier>{7185775f-0e21-4e97-900b-12f250b8ad3c}</UniqueIdentifier>
      <Extensions>cpp;c;cxx;rc;def;r;odl;idl;hpj;bat</Extensions>
    </Filter>
    <Filter Include="Header Files">
      <UniqueIdentifier>{c3384da0-4b15-4688-8e1e-703aee158029}</UniqueIdentifier>
      <Extensions>h;hpp;hxx;hm;inl</Extensions>
    </Filter>
    <Filter Include="Resource Files">
      <UniqueIdentifier>{4d72202c-09f6-4393-bcf6-3430691f829f}</UniqueIdentifier>
      <Extensions>ico;cur;bmp;dlg;rc2;rct;bin;rgs;gif;jpg;jpeg;jpe</Extensions>
    </Filter>
  </ItemGroup>
  <ItemGroup>
    <ClCompile Include="Aujard.cpp">
      <Filter>Source Files</Filter>
    </ClCompile>
    <ClCompile Include="AujardDlg.cpp">
      <Filter>Source Files</Filter>
    </ClCompile>
    <ClCompile Include="DBAgent.cpp">
      <Filter>Source Files</Filter>
    </ClCompile>
    <ClCompile Include="ItemTableSet.cpp">
      <Filter>Source Files</Filter>
    </ClCompile>
    <ClCompile Include="SharedMem.cpp">
      <Filter>Source Files</Filter>
    </ClCompile>
    <ClCompile Include="StdAfx.cpp">
      <Filter>Source Files</Filter>
    </ClCompile>
  </ItemGroup>
  <ItemGroup>
    <ClInclude Include="Aujard.h">
      <Filter>Header Files</Filter>
    </ClInclude>
    <ClInclude Include="AujardDlg.h">
      <Filter>Header Files</Filter>
    </ClInclude>
    <ClInclude Include="DBAgent.h">
      <Filter>Header Files</Filter>
    </ClInclude>
    <ClInclude Include="Define.h">
      <Filter>Header Files</Filter>
    </ClInclude>
    <ClInclude Include="ItemTableSet.h">
      <Filter>Header Files</Filter>
    </ClInclude>
    <ClInclude Include="SharedMem.h">
      <Filter>Header Files</Filter>
    </ClInclude>
    <ClInclude Include="StdAfx.h">
      <Filter>Header Files</Filter>
    </ClInclude>
    <ClInclude Include="STLMap.h">
      <Filter>Header Files</Filter>
    </ClInclude>
    <ClInclude Include="$(SrcDir)\common\N3Utils.h">
      <Filter>Header Files</Filter>
    </ClInclude>
  </ItemGroup>
  <ItemGroup>
    <ClInclude Include="res\Resource.h">
      <Filter>Resource Files</Filter>
    </ClInclude>
    <ResourceCompile Include="res\Aujard.rc">
      <Filter>Resource Files</Filter>
    </ResourceCompile>
    <CustomBuild Include="res\Aujard.rc2">
      <Filter>Resource Files</Filter>
    </CustomBuild>
    <Image Include="res\Aujard.ico">
      <Filter>Resource Files</Filter>
    </Image>
  </ItemGroup>
</Project>