<?xml version="1.0" encoding="utf-8"?>
<Project ToolsVersion="4.0" xmlns="http://schemas.microsoft.com/developer/msbuild/2003">
  <ItemGroup>
    <Filter Include="Source Files">
      <UniqueIdentifier>{81965e8c-77de-4217-86d2-dc19b0295edb}</UniqueIdentifier>
      <Extensions>cpp;c;cxx;rc;def;r;odl;idl;hpj;bat</Extensions>
    </Filter>
    <Filter Include="Header Files">
      <UniqueIdentifier>{38debe1d-143e-4bb4-9924-97669edd7c5b}</UniqueIdentifier>
      <Extensions>h;hpp;hxx;hm;inl</Extensions>
    </Filter>
    <Filter Include="Resource Files">
      <UniqueIdentifier>{44a3f6e7-03a5-4d29-99ca-efea715d099d}</UniqueIdentifier>
      <Extensions>ico;cur;bmp;dlg;rc2;rct;bin;rgs;gif;jpg;jpeg;jpe</Extensions>
    </Filter>
    <Filter Include="N3Base">
      <UniqueIdentifier>{eea070e9-6ead-4984-ae66-5e10ddc88ed5}</UniqueIdentifier>
    </Filter>
  </ItemGroup>
  <ItemGroup>
    <ClCompile Include="AISocket.cpp">
      <Filter>Source Files</Filter>
    </ClCompile>
    <ClCompile Include="BattleSet.cpp">
      <Filter>Source Files</Filter>
    </ClCompile>
    <ClCompile Include="CircularBuffer.cpp">
      <Filter>Source Files</Filter>
    </ClCompile>
    <ClCompile Include="CoefficientSet.cpp">
      <Filter>Source Files</Filter>
    </ClCompile>
    <ClCompile Include="Compress.cpp">
      <Filter>Source Files</Filter>
    </ClCompile>
    <ClCompile Include="Ebenezer.cpp">
      <Filter>Source Files</Filter>
    </ClCompile>
    <ClCompile Include="EbenezerDlg.cpp">
      <Filter>Source Files</Filter>
    </ClCompile>
    <ClCompile Include="EVENT.cpp">
      <Filter>Source Files</Filter>
    </ClCompile>
    <ClCompile Include="EVENT_DATA.cpp">
      <Filter>Source Files</Filter>
    </ClCompile>
    <ClCompile Include="EventSet.cpp">
      <Filter>Source Files</Filter>
    </ClCompile>
    <ClCompile Include="EXEC.cpp">
      <Filter>Source Files</Filter>
    </ClCompile>
    <ClCompile Include="GameEvent.cpp">
      <Filter>Source Files</Filter>
    </ClCompile>
    <ClCompile Include="HomeSet.cpp">
      <Filter>Source Files</Filter>
    </ClCompile>
    <ClCompile Include="Ini.cpp">
      <Filter>Source Files</Filter>
    </ClCompile>
    <ClCompile Include="IOCPort.cpp">
      <Filter>Source Files</Filter>
    </ClCompile>
    <ClCompile Include="IOCPSocket2.cpp">
      <Filter>Source Files</Filter>
    </ClCompile>
    <ClCompile Include="ItemTableSet.cpp">
      <Filter>Source Files</Filter>
    </ClCompile>
    <ClCompile Include="Knights.cpp">
      <Filter>Source Files</Filter>
    </ClCompile>
    <ClCompile Include="KnightsManager.cpp">
      <Filter>Source Files</Filter>
    </ClCompile>
    <ClCompile Include="KnightsRankSet.cpp">
      <Filter>Source Files</Filter>
    </ClCompile>
    <ClCompile Include="KnightsSet.cpp">
      <Filter>Source Files</Filter>
    </ClCompile>
    <ClCompile Include="KnightsUserSet.cpp">
      <Filter>Source Files</Filter>
    </ClCompile>
    <ClCompile Include="LevelUpTableSet.cpp">
      <Filter>Source Files</Filter>
    </ClCompile>
    <ClCompile Include="LOGIC_ELSE.cpp">
      <Filter>Source Files</Filter>
    </ClCompile>
    <ClCompile Include="MagicProcess.cpp">
      <Filter>Source Files</Filter>
    </ClCompile>
    <ClCompile Include="MagicTableSet.cpp">
      <Filter>Source Files</Filter>
    </ClCompile>
    <ClCompile Include="MagicType1Set.cpp">
      <Filter>Source Files</Filter>
    </ClCompile>
    <ClCompile Include="MagicType2Set.cpp">
      <Filter>Source Files</Filter>
    </ClCompile>
    <ClCompile Include="MagicType3Set.cpp">
      <Filter>Source Files</Filter>
    </ClCompile>
    <ClCompile Include="MagicType4Set.cpp">
      <Filter>Source Files</Filter>
    </ClCompile>
    <ClCompile Include="MagicType5Set.cpp">
      <Filter>Source Files</Filter>
    </ClCompile>
    <ClCompile Include="MagicType8Set.cpp">
      <Filter>Source Files</Filter>
    </ClCompile>
    <ClCompile Include="Map.cpp">
      <Filter>Source Files</Filter>
    </ClCompile>
    <ClCompile Include="Npc.cpp">
      <Filter>Source Files</Filter>
    </ClCompile>
    <ClCompile Include="Region.cpp">
      <Filter>Source Files</Filter>
    </ClCompile>
    <ClCompile Include="SharedMem.cpp">
      <Filter>Source Files</Filter>
    </ClCompile>
    <ClCompile Include="StdAfx.cpp">
      <Filter>Source Files</Filter>
    </ClCompile>
    <ClCompile Include="UdpSocket.cpp">
      <Filter>Source Files</Filter>
    </ClCompile>
    <ClCompile Include="User.cpp">
      <Filter>Source Files</Filter>
    </ClCompile>
    <ClCompile Include="ZoneInfoSet.cpp">
      <Filter>Source Files</Filter>
    </ClCompile>
    <ClCompile Include="N3Base\N3ShapeMgr.cpp">
      <Filter>N3Base</Filter>
    </ClCompile>
    <ClCompile Include="..\..\common\JvCryption.cpp">
      <Filter>Source Files</Filter>
    </ClCompile>
    <ClCompile Include="..\..\common\Implode.cpp">
      <Filter>Source Files</Filter>
    </ClCompile>
  </ItemGroup>
  <ItemGroup>
    <ClInclude Include="AIPacket.h">
      <Filter>Header Files</Filter>
    </ClInclude>
    <ClInclude Include="AISocket.h">
      <Filter>Header Files</Filter>
    </ClInclude>
    <ClInclude Include="BattleSet.h">
      <Filter>Header Files</Filter>
    </ClInclude>
    <ClInclude Include="CircularBuffer.h">
      <Filter>Header Files</Filter>
    </ClInclude>
    <ClInclude Include="CoefficientSet.h">
      <Filter>Header Files</Filter>
    </ClInclude>
    <ClInclude Include="Compress.h">
      <Filter>Header Files</Filter>
    </ClInclude>
    <ClInclude Include="Define.h">
      <Filter>Header Files</Filter>
    </ClInclude>
    <ClInclude Include="Ebenezer.h">
      <Filter>Header Files</Filter>
    </ClInclude>
    <ClInclude Include="EbenezerDlg.h">
      <Filter>Header Files</Filter>
    </ClInclude>
    <ClInclude Include="EVENT.h">
      <Filter>Header Files</Filter>
    </ClInclude>
    <ClInclude Include="EVENT_DATA.h">
      <Filter>Header Files</Filter>
    </ClInclude>
    <ClInclude Include="EventSet.h">
      <Filter>Header Files</Filter>
    </ClInclude>
    <ClInclude Include="EXEC.h">
      <Filter>Header Files</Filter>
    </ClInclude>
    <ClInclude Include="GameDefine.h">
      <Filter>Header Files</Filter>
    </ClInclude>
    <ClInclude Include="GameEvent.h">
      <Filter>Header Files</Filter>
    </ClInclude>
    <ClInclude Include="HomeSet.h">
      <Filter>Header Files</Filter>
    </ClInclude>
    <ClInclude Include="Ini.h">
      <Filter>Header Files</Filter>
    </ClInclude>
    <ClInclude Include="IOCPort.h">
      <Filter>Header Files</Filter>
    </ClInclude>
    <ClInclude Include="IOCPSocket2.h">
      <Filter>Header Files</Filter>
    </ClInclude>
    <ClInclude Include="ItemTableSet.h">
      <Filter>Header Files</Filter>
    </ClInclude>
    <ClInclude Include="Knights.h">
      <Filter>Header Files</Filter>
    </ClInclude>
    <ClInclude Include="KnightsManager.h">
      <Filter>Header Files</Filter>
    </ClInclude>
    <ClInclude Include="KnightsRankSet.h">
      <Filter>Header Files</Filter>
    </ClInclude>
    <ClInclude Include="KnightsSet.h">
      <Filter>Header Files</Filter>
    </ClInclude>
    <ClInclude Include="KnightsUserSet.h">
      <Filter>Header Files</Filter>
    </ClInclude>
    <ClInclude Include="LevelUpTableSet.h">
      <Filter>Header Files</Filter>
    </ClInclude>
    <ClInclude Include="LOGIC_ELSE.h">
      <Filter>Header Files</Filter>
    </ClInclude>
    <ClInclude Include="MagicProcess.h">
      <Filter>Header Files</Filter>
    </ClInclude>
    <ClInclude Include="MagicTableSet.h">
      <Filter>Header Files</Filter>
    </ClInclude>
    <ClInclude Include="MagicType1Set.h">
      <Filter>Header Files</Filter>
    </ClInclude>
    <ClInclude Include="MagicType2Set.h">
      <Filter>Header Files</Filter>
    </ClInclude>
    <ClInclude Include="MagicType3Set.h">
      <Filter>Header Files</Filter>
    </ClInclude>
    <ClInclude Include="MagicType4Set.h">
      <Filter>Header Files</Filter>
    </ClInclude>
    <ClInclude Include="MagicType5Set.h">
      <Filter>Header Files</Filter>
    </ClInclude>
    <ClInclude Include="MagicType8Set.h">
      <Filter>Header Files</Filter>
    </ClInclude>
    <ClInclude Include="Map.h">
      <Filter>Header Files</Filter>
    </ClInclude>
    <ClInclude Include="Npc.h">
      <Filter>Header Files</Filter>
    </ClInclude>
    <ClInclude Include="PacketDefine.h">
      <Filter>Header Files</Filter>
    </ClInclude>
    <ClInclude Include="Region.h">
      <Filter>Header Files</Filter>
    </ClInclude>
    <ClInclude Include="SharedMem.h">
      <Filter>Header Files</Filter>
    </ClInclude>
    <ClInclude Include="StdAfx.h">
      <Filter>Header Files</Filter>
    </ClInclude>
    <ClInclude Include="STLMap.h">
      <Filter>Header Files</Filter>
    </ClInclude>
    <ClInclude Include="UdpSocket.h">
      <Filter>Header Files</Filter>
    </ClInclude>
    <ClInclude Include="User.h">
      <Filter>Header Files</Filter>
    </ClInclude>
    <ClInclude Include="ZoneInfoSet.h">
      <Filter>Header Files</Filter>
    </ClInclude>
    <ClInclude Include="Resource.h">
      <Filter>Resource Files</Filter>
    </ClInclude>
    <ClInclude Include="N3Base\My_3DStruct.h">
      <Filter>N3Base</Filter>
    </ClInclude>
    <ClInclude Include="N3Base\My_Macro.h">
      <Filter>N3Base</Filter>
    </ClInclude>
    <ClInclude Include="N3Base\N3ShapeMgr.h">
      <Filter>N3Base</Filter>
    </ClInclude>
    <ClInclude Include="N3Base\StdAfxBase.h">
      <Filter>N3Base</Filter>
    </ClInclude>
    <ClInclude Include="..\..\common\JvCryption.h">
      <Filter>Header Files</Filter>
    </ClInclude>
    <ClInclude Include="..\..\common\Implode.h">
      <Filter>Header Files</Filter>
    </ClInclude>
  </ItemGroup>
  <ItemGroup>
    <Image Include="res\Ebenezer.ico">
      <Filter>Resource Files</Filter>
    </Image>
  </ItemGroup>
  <ItemGroup>
    <ResourceCompile Include="Ebenezer.rc">
      <Filter>Resource Files</Filter>
    </ResourceCompile>
  </ItemGroup>
  <ItemGroup>
    <Text Include="ReadMe.txt" />
  </ItemGroup>
  <ItemGroup>
    <CustomBuild Include="res\Ebenezer.rc2">
      <Filter>Resource Files</Filter>
    </CustomBuild>
  </ItemGroup>
</Project>