<?xml version="1.0" encoding="utf-8"?>
<Project ToolsVersion="4.0" xmlns="http://schemas.microsoft.com/developer/msbuild/2003">
  <ItemGroup>
    <Filter Include="Source Files">
      <UniqueIdentifier>{5902d97a-6ca1-4ae5-99f4-9b74ee68aeaf}</UniqueIdentifier>
      <Extensions>cpp;c;cxx;rc;def;r;odl;idl;hpj;bat</Extensions>
    </Filter>
    <Filter Include="Header Files">
      <UniqueIdentifier>{958b1505-7067-4739-b718-b524d2ba19fb}</UniqueIdentifier>
      <Extensions>h;hpp;hxx;hm;inl</Extensions>
    </Filter>
    <Filter Include="Resource Files">
      <UniqueIdentifier>{a8aea5d1-f84b-4c6e-ab6a-23ebfd7554fc}</UniqueIdentifier>
      <Extensions>ico;cur;bmp;dlg;rc2;rct;bin;rgs;gif;jpg;jpeg;jpe</Extensions>
    </Filter>
    <Filter Include="N3Base">
      <UniqueIdentifier>{503eff24-f056-440a-89fd-953e38cffd1e}</UniqueIdentifier>
    </Filter>
    <Filter Include="N3Base\UI">
      <UniqueIdentifier>{d064be0f-7c7f-42ad-a100-3a2cb6cf7a3f}</UniqueIdentifier>
    </Filter>
    <Filter Include="Dialogs">
      <UniqueIdentifier>{f3a12174-df4d-499a-a821-e5bedd7b839d}</UniqueIdentifier>
    </Filter>
    <Filter Include="Dialogs\DlgTexture">
      <UniqueIdentifier>{4cdb2ae2-590a-43d1-ad93-db51590a34a8}</UniqueIdentifier>
    </Filter>
  </ItemGroup>
  <ItemGroup>
    <ClCompile Include="DlgChangeImage.cpp">
      <Filter>Source Files</Filter>
    </ClCompile>
    <ClCompile Include="DlgUnusedFileList.cpp">
      <Filter>Source Files</Filter>
    </ClCompile>
    <ClCompile Include="HierarchyView.cpp">
      <Filter>Source Files</Filter>
    </ClCompile>
    <ClCompile Include="MainFrm.cpp">
      <Filter>Source Files</Filter>
    </ClCompile>
    <ClCompile Include="..\Widget\PropertyList.cpp">
      <Filter>Source Files</Filter>
    </ClCompile>
    <ClCompile Include="PropertyView.cpp">
      <Filter>Source Files</Filter>
    </ClCompile>
    <ClCompile Include="StdAfx.cpp">
      <Filter>Source Files</Filter>
    </ClCompile>
    <ClCompile Include="UIE.cpp">
      <Filter>Source Files</Filter>
    </ClCompile>
    <ClCompile Include="UIEDoc.cpp">
      <Filter>Source Files</Filter>
    </ClCompile>
    <ClCompile Include="UIEView.cpp">
      <Filter>Source Files</Filter>
    </ClCompile>
    <ClCompile Include="..\..\engine\N3Base\N3UIArea.cpp">
      <Filter>N3Base\UI</Filter>
    </ClCompile>
    <ClCompile Include="..\..\engine\N3Base\N3UIBase.cpp">
      <Filter>N3Base\UI</Filter>
    </ClCompile>
    <ClCompile Include="..\..\engine\N3Base\N3UIButton.cpp">
      <Filter>N3Base\UI</Filter>
    </ClCompile>
    <ClCompile Include="..\..\engine\N3Base\N3UIEdit.cpp">
      <Filter>N3Base\UI</Filter>
    </ClCompile>
    <ClCompile Include="..\..\engine\N3Base\N3UIImage.cpp">
      <Filter>N3Base\UI</Filter>
    </ClCompile>
    <ClCompile Include="..\..\engine\N3Base\N3UIManager.cpp">
      <Filter>N3Base\UI</Filter>
    </ClCompile>
    <ClCompile Include="..\..\engine\N3Base\N3UIProgress.cpp">
      <Filter>N3Base\UI</Filter>
    </ClCompile>
    <ClCompile Include="..\..\engine\N3Base\N3UIScrollBar.cpp">
      <Filter>N3Base\UI</Filter>
    </ClCompile>
    <ClCompile Include="..\..\engine\N3Base\N3UIStatic.cpp">
      <Filter>N3Base\UI</Filter>
    </ClCompile>
    <ClCompile Include="..\..\engine\N3Base\N3UIString.cpp">
      <Filter>N3Base\UI</Filter>
    </ClCompile>
    <ClCompile Include="..\..\engine\N3Base\N3UITooltip.cpp">
      <Filter>N3Base\UI</Filter>
    </ClCompile>
    <ClCompile Include="..\..\engine\N3Base\N3UITrackBar.cpp">
      <Filter>N3Base\UI</Filter>
    </ClCompile>
    <ClCompile Include="..\..\engine\N3Base\BitMapFile.cpp">
      <Filter>N3Base</Filter>
    </ClCompile>
    <ClCompile Include="..\..\engine\N3Base\DFont.cpp">
      <Filter>N3Base</Filter>
    </ClCompile>
    <ClCompile Include="..\..\engine\N3Base\LogWriter.cpp">
      <Filter>N3Base</Filter>
    </ClCompile>
    <ClCompile Include="..\..\engine\N3Base\N3AlphaPrimitiveManager.cpp">
      <Filter>N3Base</Filter>
    </ClCompile>
    <ClCompile Include="..\..\engine\N3Base\N3Base.cpp">
      <Filter>N3Base</Filter>
    </ClCompile>
    <ClCompile Include="..\..\engine\N3Base\N3BaseFileAccess.cpp">
      <Filter>N3Base</Filter>
    </ClCompile>
    <ClCompile Include="..\..\engine\N3Base\N3Eng.cpp">
      <Filter>N3Base</Filter>
    </ClCompile>
    <ClCompile Include="..\..\engine\N3Base\N3EngTool.cpp">
      <Filter>N3Base</Filter>
    </ClCompile>
    <ClCompile Include="..\..\engine\N3Base\N3SndMgr.cpp">
      <Filter>N3Base</Filter>
    </ClCompile>
    <ClCompile Include="..\..\engine\N3Base\N3SndObj.cpp">
      <Filter>N3Base</Filter>
    </ClCompile>
    <ClCompile Include="..\..\engine\N3Base\N3SndObjStream.cpp">
      <Filter>N3Base</Filter>
    </ClCompile>
    <ClCompile Include="..\..\engine\N3Base\N3Texture.cpp">
      <Filter>N3Base</Filter>
    </ClCompile>
    <ClCompile Include="..\..\engine\N3Base\WaveFile.cpp">
      <Filter>N3Base</Filter>
    </ClCompile>
    <ClCompile Include="..\..\engine\N3Base\N3UIList.cpp">
      <Filter>N3Base</Filter>
    </ClCompile>
    <ClCompile Include="..\..\engine\N3Base\N3Log.cpp">
      <Filter>N3Base</Filter>
    </ClCompile>
    <ClCompile Include="DlgTexture.cpp">
      <Filter>Dialogs\DlgTexture</Filter>
    </ClCompile>
    <ClCompile Include="TexViewer.cpp">
      <Filter>Dialogs\DlgTexture</Filter>
    </ClCompile>
    <ClCompile Include="DlgAnimate.cpp">
      <Filter>Dialogs</Filter>
    </ClCompile>
    <ClCompile Include="DlgBar.cpp">
      <Filter>Dialogs</Filter>
    </ClCompile>
    <ClCompile Include="DlgReplace.cpp">
      <Filter>Dialogs</Filter>
    </ClCompile>
  </ItemGroup>
  <ItemGroup>
    <ResourceCompile Include="UIE.rc">
      <Filter>Source Files</Filter>
    </ResourceCompile>
  </ItemGroup>
  <ItemGroup>
    <ClInclude Include="DlgChangeImage.h">
      <Filter>Header Files</Filter>
    </ClInclude>
    <ClInclude Include="DlgUnusedFileList.h">
      <Filter>Header Files</Filter>
    </ClInclude>
    <ClInclude Include="HierarchyView.h">
      <Filter>Header Files</Filter>
    </ClInclude>
    <ClInclude Include="MainFrm.h">
      <Filter>Header Files</Filter>
    </ClInclude>
    <ClInclude Include="..\Widget\PropertyList.h">
      <Filter>Header Files</Filter>
    </ClInclude>
    <ClInclude Include="PropertyView.h">
      <Filter>Header Files</Filter>
    </ClInclude>
    <ClInclude Include="Resource.h">
      <Filter>Header Files</Filter>
    </ClInclude>
    <ClInclude Include="StdAfx.h">
      <Filter>Header Files</Filter>
    </ClInclude>
    <ClInclude Include="UIE.h">
      <Filter>Header Files</Filter>
    </ClInclude>
    <ClInclude Include="UIEDoc.h">
      <Filter>Header Files</Filter>
    </ClInclude>
    <ClInclude Include="UIEView.h">
      <Filter>Header Files</Filter>
    </ClInclude>
    <ClInclude Include="..\..\engine\N3Base\N3UIArea.h">
      <Filter>N3Base\UI</Filter>
    </ClInclude>
    <ClInclude Include="..\..\engine\N3Base\N3UIBase.h">
      <Filter>N3Base\UI</Filter>
    </ClInclude>
    <ClInclude Include="..\..\engine\N3Base\N3UIButton.h">
      <Filter>N3Base\UI</Filter>
    </ClInclude>
    <ClInclude Include="..\..\engine\N3Base\N3UIDef.h">
      <Filter>N3Base\UI</Filter>
    </ClInclude>
    <ClInclude Include="..\..\engine\N3Base\N3UIEdit.h">
      <Filter>N3Base\UI</Filter>
    </ClInclude>
    <ClInclude Include="..\..\engine\N3Base\N3UIImage.h">
      <Filter>N3Base\UI</Filter>
    </ClInclude>
    <ClInclude Include="..\..\engine\N3Base\N3UIManager.h">
      <Filter>N3Base\UI</Filter>
    </ClInclude>
    <ClInclude Include="..\..\engine\N3Base\N3UIProgress.h">
      <Filter>N3Base\UI</Filter>
    </ClInclude>
    <ClInclude Include="..\..\engine\N3Base\N3UIScrollBar.h">
      <Filter>N3Base\UI</Filter>
    </ClInclude>
    <ClInclude Include="..\..\engine\N3Base\N3UIStatic.h">
      <Filter>N3Base\UI</Filter>
    </ClInclude>
    <ClInclude Include="..\..\engine\N3Base\N3UIString.h">
      <Filter>N3Base\UI</Filter>
    </ClInclude>
    <ClInclude Include="..\..\engine\N3Base\N3UITooltip.h">
      <Filter>N3Base\UI</Filter>
    </ClInclude>
    <ClInclude Include="..\..\engine\N3Base\N3UITrackBar.h">
      <Filter>N3Base\UI</Filter>
    </ClInclude>
    <ClInclude Include="..\..\engine\N3Base\BitMapFile.h">
      <Filter>N3Base</Filter>
    </ClInclude>
    <ClInclude Include="..\..\engine\N3Base\DFont.h">
      <Filter>N3Base</Filter>
    </ClInclude>
    <ClInclude Include="..\..\engine\N3Base\LogWriter.h">
      <Filter>N3Base</Filter>
    </ClInclude>
    <ClInclude Include="..\..\engine\N3Base\My_3DStruct.h">
      <Filter>N3Base</Filter>
    </ClInclude>
    <ClInclude Include="..\..\engine\N3Base\N3AlphaPrimitiveManager.h">
      <Filter>N3Base</Filter>
    </ClInclude>
    <ClInclude Include="..\..\engine\N3Base\N3Base.h">
      <Filter>N3Base</Filter>
    </ClInclude>
    <ClInclude Include="..\..\engine\N3Base\N3BaseFileAccess.h">
      <Filter>N3Base</Filter>
    </ClInclude>
    <ClInclude Include="..\..\engine\N3Base\N3Eng.h">
      <Filter>N3Base</Filter>
    </ClInclude>
    <ClInclude Include="..\..\engine\N3Base\N3EngTool.h">
      <Filter>N3Base</Filter>
    </ClInclude>
    <ClInclude Include="..\..\engine\N3Base\N3Mng.h">
      <Filter>N3Base</Filter>
    </ClInclude>
    <ClInclude Include="..\..\engine\N3Base\N3SndDef.h">
      <Filter>N3Base</Filter>
    </ClInclude>
    <ClInclude Include="..\..\engine\N3Base\N3SndMgr.h">
      <Filter>N3Base</Filter>
    </ClInclude>
    <ClInclude Include="..\..\engine\N3Base\N3SndObj.h">
      <Filter>N3Base</Filter>
    </ClInclude>
    <ClInclude Include="..\..\engine\N3Base\N3SndObjStream.h">
      <Filter>N3Base</Filter>
    </ClInclude>
    <ClInclude Include="..\..\engine\N3Base\N3Texture.h">
      <Filter>N3Base</Filter>
    </ClInclude>
    <ClInclude Include="..\..\engine\N3Base\WaveFile.h">
      <Filter>N3Base</Filter>
    </ClInclude>
    <ClInclude Include="..\..\engine\N3Base\N3UIList.h">
      <Filter>N3Base</Filter>
    </ClInclude>
    <ClInclude Include="..\..\engine\N3Base\N3Log.h">
      <Filter>N3Base</Filter>
    </ClInclude>
    <ClInclude Include="DlgTexture.h">
      <Filter>Dialogs\DlgTexture</Filter>
    </ClInclude>
    <ClInclude Include="TexViewer.h">
      <Filter>Dialogs\DlgTexture</Filter>
    </ClInclude>
    <ClInclude Include="DlgAnimate.h">
      <Filter>Dialogs</Filter>
    </ClInclude>
    <ClInclude Include="DlgBar.h">
      <Filter>Dialogs</Filter>
    </ClInclude>
    <ClInclude Include="DlgReplace.h">
      <Filter>Dialogs</Filter>
    </ClInclude>
    <ClInclude Include="..\..\common\N3Utils.h">
      <Filter>N3Base</Filter>
    </ClInclude>
  </ItemGroup>
  <ItemGroup>
    <Image Include="res\Toolbar.bmp">
      <Filter>Resource Files</Filter>
    </Image>
    <Image Include="res\UIE.ico">
      <Filter>Resource Files</Filter>
    </Image>
    <Image Include="res\UIEDoc.ico">
      <Filter>Resource Files</Filter>
    </Image>
  </ItemGroup>
  <ItemGroup>
    <Text Include="ReadMe.txt" />
  </ItemGroup>
  <ItemGroup>
    <CustomBuild Include="res\hand.cur">
      <Filter>Resource Files</Filter>
    </CustomBuild>
    <CustomBuild Include="res\UIE.rc2">
      <Filter>Resource Files</Filter>
    </CustomBuild>
    <CustomBuild Include="res\zoomin.cur">
      <Filter>Resource Files</Filter>
    </CustomBuild>
    <CustomBuild Include="res\zoomout.cur">
      <Filter>Resource Files</Filter>
    </CustomBuild>
  </ItemGroup>
</Project>