<?xml version="1.0" encoding="utf-8"?>
<Project ToolsVersion="4.0" xmlns="http://schemas.microsoft.com/developer/msbuild/2003">
  <ItemGroup>
    <Filter Include="Source Files">
      <UniqueIdentifier>{8822967b-85e8-47a7-8ebf-48d8bc2f7a59}</UniqueIdentifier>
      <Extensions>cpp;c;cxx;rc;def;r;odl;idl;hpj;bat</Extensions>
    </Filter>
    <Filter Include="Header Files">
      <UniqueIdentifier>{9351bf10-84bc-4e93-9440-e2735522b3f0}</UniqueIdentifier>
      <Extensions>h;hpp;hxx;hm;inl</Extensions>
    </Filter>
    <Filter Include="Resource Files">
      <UniqueIdentifier>{950993ad-8b5b-4c44-9b38-2e01c924843f}</UniqueIdentifier>
      <Extensions>ico;cur;bmp;dlg;rc2;rct;bin;rgs;gif;jpg;jpeg;jpe</Extensions>
    </Filter>
  </ItemGroup>
  <ItemGroup>
    <ClCompile Include="$(SrcDir)\common\Ini.cpp">
      <Filter>Source Files</Filter>
    </ClCompile>
    <ClCompile Include="CircularBuffer.cpp">
      <Filter>Source Files</Filter>
    </ClCompile>
    <ClCompile Include="DBProcess.cpp">
      <Filter>Source Files</Filter>
    </ClCompile>
    <ClCompile Include="IOCPort.cpp">
      <Filter>Source Files</Filter>
    </ClCompile>
    <ClCompile Include="IOCPSocket2.cpp">
      <Filter>Source Files</Filter>
    </ClCompile>
    <ClCompile Include="SettingDlg.cpp">
      <Filter>Source Files</Filter>
    </ClCompile>
    <ClCompile Include="StdAfx.cpp">
      <Filter>Source Files</Filter>
    </ClCompile>
    <ClCompile Include="User.cpp">
      <Filter>Source Files</Filter>
    </ClCompile>
    <ClCompile Include="LoginServer.cpp">
      <Filter>Source Files</Filter>
    </ClCompile>
    <ClCompile Include="LoginServerDlg.cpp">
      <Filter>Source Files</Filter>
    </ClCompile>
    <ClCompile Include="VersionSet.cpp">
      <Filter>Source Files</Filter>
    </ClCompile>
  </ItemGroup>
  <ItemGroup>
    <ClInclude Include="$(SrcDir)\common\Ini.h">
      <Filter>Header Files</Filter>
    </ClInclude>
    <ClInclude Include="CircularBuffer.h">
      <Filter>Header Files</Filter>
    </ClInclude>
    <ClInclude Include="DBProcess.h">
      <Filter>Header Files</Filter>
    </ClInclude>
    <ClInclude Include="Define.h">
      <Filter>Header Files</Filter>
    </ClInclude>
    <ClInclude Include="IOCPort.h">
      <Filter>Header Files</Filter>
    </ClInclude>
    <ClInclude Include="IOCPSocket2.h">
      <Filter>Header Files</Filter>
    </ClInclude>
    <ClInclude Include="SettingDlg.h">
      <Filter>Header Files</Filter>
    </ClInclude>
    <ClInclude Include="StdAfx.h">
      <Filter>Header Files</Filter>
    </ClInclude>
    <ClInclude Include="STLMap.h">
      <Filter>Header Files</Filter>
    </ClInclude>
    <ClInclude Include="User.h">
      <Filter>Header Files</Filter>
    </ClInclude>
    <ClInclude Include="LoginServer.h">
      <Filter>Header Files</Filter>
    </ClInclude>
    <ClInclude Include="LoginServerDlg.h">
      <Filter>Header Files</Filter>
    </ClInclude>
    <ClInclude Include="VersionSet.h">
      <Filter>Header Files</Filter>
    </ClInclude>
    <ClInclude Include="$(SrcDir)\common\N3Utils.h">
      <Filter>Header Files</Filter>
    </ClInclude>
  </ItemGroup>
  <ItemGroup>
    <ClInclude Include="res\Resource.h">
      <Filter>Resource Files</Filter>
    </ClInclude>
    <ResourceCompile Include="res\LoginServer.rc">
      <Filter>Resource Files</Filter>
    </ResourceCompile>
    <CustomBuild Include="res\LoginServer.rc2">
      <Filter>Resource Files</Filter>
    </CustomBuild>
    <Image Include="res\LoginServer.ico">
      <Filter>Resource Files</Filter>
    </Image>
  </ItemGroup>
</Project>