<?xml version="1.0" encoding="utf-8"?>
<Project ToolsVersion="4.0" xmlns="http://schemas.microsoft.com/developer/msbuild/2003">
  <ItemGroup>
    <Filter Include="Source Files">
      <UniqueIdentifier>{f34f515f-caa5-4ad4-b24e-510bfec3a33b}</UniqueIdentifier>
      <Extensions>cpp;c;cxx;rc;def;r;odl;idl;hpj;bat</Extensions>
    </Filter>
    <Filter Include="Header Files">
      <UniqueIdentifier>{7703bcb6-9198-4031-9d29-9da5926159f1}</UniqueIdentifier>
      <Extensions>h;hpp;hxx;hm;inl</Extensions>
    </Filter>
    <Filter Include="N3Base">
      <UniqueIdentifier>{596d168a-2159-418b-b93e-d2bcf93855a3}</UniqueIdentifier>
    </Filter>
    <Filter Include="Resource Files">
      <UniqueIdentifier>{d4b437d1-a5ef-4c7a-924d-905f21333a02}</UniqueIdentifier>
    </Filter>
  </ItemGroup>
  <ItemGroup>
    <ClCompile Include="CircularBuffer.cpp">
      <Filter>Source Files</Filter>
    </ClCompile>
    <ClCompile Include="Compress.cpp">
      <Filter>Source Files</Filter>
    </ClCompile>
    <ClCompile Include="Extern.cpp">
      <Filter>Source Files</Filter>
    </ClCompile>
    <ClCompile Include="GameSocket.cpp">
      <Filter>Source Files</Filter>
    </ClCompile>
    <ClCompile Include="global.cpp">
      <Filter>Source Files</Filter>
    </ClCompile>
    <ClCompile Include="Ini.cpp">
      <Filter>Source Files</Filter>
    </ClCompile>
    <ClCompile Include="IOCPort.cpp">
      <Filter>Source Files</Filter>
    </ClCompile>
    <ClCompile Include="IOCPSocket2.cpp">
      <Filter>Source Files</Filter>
    </ClCompile>
    <ClCompile Include="MagicProcess.cpp">
      <Filter>Source Files</Filter>
    </ClCompile>
    <ClCompile Include="MagicTableSet.cpp">
      <Filter>Source Files</Filter>
    </ClCompile>
    <ClCompile Include="MagicType1Set.cpp">
      <Filter>Source Files</Filter>
    </ClCompile>
    <ClCompile Include="MagicType2Set.cpp">
      <Filter>Source Files</Filter>
    </ClCompile>
    <ClCompile Include="MagicType3Set.cpp">
      <Filter>Source Files</Filter>
    </ClCompile>
    <ClCompile Include="MagicType4Set.cpp">
      <Filter>Source Files</Filter>
    </ClCompile>
    <ClCompile Include="MakeDefensiveTableSet.cpp">
      <Filter>Source Files</Filter>
    </ClCompile>
    <ClCompile Include="MakeGradeItemTableSet.cpp">
      <Filter>Source Files</Filter>
    </ClCompile>
    <ClCompile Include="MakeLareItemTableSet.cpp">
      <Filter>Source Files</Filter>
    </ClCompile>
    <ClCompile Include="MakeWeaponTableSet.cpp">
      <Filter>Source Files</Filter>
    </ClCompile>
    <ClCompile Include="MAP.cpp">
      <Filter>Source Files</Filter>
    </ClCompile>
    <ClCompile Include="MonTableSet.cpp">
      <Filter>Source Files</Filter>
    </ClCompile>
    <ClCompile Include="Npc.cpp">
      <Filter>Source Files</Filter>
    </ClCompile>
    <ClCompile Include="NpcItem.cpp">
      <Filter>Source Files</Filter>
    </ClCompile>
    <ClCompile Include="NpcItemSet.cpp">
      <Filter>Source Files</Filter>
    </ClCompile>
    <ClCompile Include="NpcMagicProcess.cpp">
      <Filter>Source Files</Filter>
    </ClCompile>
    <ClCompile Include="NpcPosSet.cpp">
      <Filter>Source Files</Filter>
    </ClCompile>
    <ClCompile Include="NpcTable.cpp">
      <Filter>Source Files</Filter>
    </ClCompile>
    <ClCompile Include="NpcTableSet.cpp">
      <Filter>Source Files</Filter>
    </ClCompile>
    <ClCompile Include="NpcThread.cpp">
      <Filter>Source Files</Filter>
    </ClCompile>
    <ClCompile Include="Party.cpp">
      <Filter>Source Files</Filter>
    </ClCompile>
    <ClCompile Include="PartyUser.cpp">
      <Filter>Source Files</Filter>
    </ClCompile>
    <ClCompile Include="PathFind.cpp">
      <Filter>Source Files</Filter>
    </ClCompile>
    <ClCompile Include="Region.cpp">
      <Filter>Source Files</Filter>
    </ClCompile>
    <ClCompile Include="RNpcPosSet.cpp">
      <Filter>Source Files</Filter>
    </ClCompile>
    <ClCompile Include="RoomEvent.cpp">
      <Filter>Source Files</Filter>
    </ClCompile>
    <ClCompile Include="AIServer.cpp">
      <Filter>Source Files</Filter>
    </ClCompile>
    <ClCompile Include="AIServerDlg.cpp">
      <Filter>Source Files</Filter>
    </ClCompile>
    <ClCompile Include="StdAfx.cpp">
      <Filter>Source Files</Filter>
    </ClCompile>
    <ClCompile Include="User.cpp">
      <Filter>Source Files</Filter>
    </ClCompile>
    <ClCompile Include="ZoneInfoSet.cpp">
      <Filter>Source Files</Filter>
    </ClCompile>
    <ClCompile Include="N3BASE\N3ShapeMgr.cpp">
      <Filter>N3Base</Filter>
    </ClCompile>
  </ItemGroup>
  <ItemGroup>
    <ClInclude Include="CircularBuffer.h">
      <Filter>Header Files</Filter>
    </ClInclude>
    <ClInclude Include="Compress.h">
      <Filter>Header Files</Filter>
    </ClInclude>
    <ClInclude Include="Define.h">
      <Filter>Header Files</Filter>
    </ClInclude>
    <ClInclude Include="Extern.h">
      <Filter>Header Files</Filter>
    </ClInclude>
    <ClInclude Include="GameSocket.h">
      <Filter>Header Files</Filter>
    </ClInclude>
    <ClInclude Include="global.h">
      <Filter>Header Files</Filter>
    </ClInclude>
    <ClInclude Include="IMPLODE.H">
      <Filter>Header Files</Filter>
    </ClInclude>
    <ClInclude Include="Ini.h">
      <Filter>Header Files</Filter>
    </ClInclude>
    <ClInclude Include="IOCPort.h">
      <Filter>Header Files</Filter>
    </ClInclude>
    <ClInclude Include="IOCPSocket2.h">
      <Filter>Header Files</Filter>
    </ClInclude>
    <ClInclude Include="MagicProcess.h">
      <Filter>Header Files</Filter>
    </ClInclude>
    <ClInclude Include="MagicTableSet.h">
      <Filter>Header Files</Filter>
    </ClInclude>
    <ClInclude Include="MagicType1Set.h">
      <Filter>Header Files</Filter>
    </ClInclude>
    <ClInclude Include="MagicType2Set.h">
      <Filter>Header Files</Filter>
    </ClInclude>
    <ClInclude Include="MagicType3Set.h">
      <Filter>Header Files</Filter>
    </ClInclude>
    <ClInclude Include="MagicType4Set.h">
      <Filter>Header Files</Filter>
    </ClInclude>
    <ClInclude Include="MakeDefensiveTableSet.h">
      <Filter>Header Files</Filter>
    </ClInclude>
    <ClInclude Include="MakeGradeItemTableSet.h">
      <Filter>Header Files</Filter>
    </ClInclude>
    <ClInclude Include="MakeLareItemTableSet.h">
      <Filter>Header Files</Filter>
    </ClInclude>
    <ClInclude Include="MakeWeaponTableSet.h">
      <Filter>Header Files</Filter>
    </ClInclude>
    <ClInclude Include="MAP.h">
      <Filter>Header Files</Filter>
    </ClInclude>
    <ClInclude Include="MonTableSet.h">
      <Filter>Header Files</Filter>
    </ClInclude>
    <ClInclude Include="Npc.h">
      <Filter>Header Files</Filter>
    </ClInclude>
    <ClInclude Include="NpcItem.h">
      <Filter>Header Files</Filter>
    </ClInclude>
    <ClInclude Include="NpcItemSet.h">
      <Filter>Header Files</Filter>
    </ClInclude>
    <ClInclude Include="NpcMagicProcess.h">
      <Filter>Header Files</Filter>
    </ClInclude>
    <ClInclude Include="NpcPosSet.h">
      <Filter>Header Files</Filter>
    </ClInclude>
    <ClInclude Include="NpcTable.h">
      <Filter>Header Files</Filter>
    </ClInclude>
    <ClInclude Include="NpcTableSet.h">
      <Filter>Header Files</Filter>
    </ClInclude>
    <ClInclude Include="NpcThread.h">
      <Filter>Header Files</Filter>
    </ClInclude>
    <ClInclude Include="Packet.h">
      <Filter>Header Files</Filter>
    </ClInclude>
    <ClInclude Include="Party.h">
      <Filter>Header Files</Filter>
    </ClInclude>
    <ClInclude Include="PartyUser.h">
      <Filter>Header Files</Filter>
    </ClInclude>
    <ClInclude Include="PathFind.h">
      <Filter>Header Files</Filter>
    </ClInclude>
    <ClInclude Include="Region.h">
      <Filter>Header Files</Filter>
    </ClInclude>
    <ClInclude Include="RNpcPosSet.h">
      <Filter>Header Files</Filter>
    </ClInclude>
    <ClInclude Include="RoomEvent.h">
      <Filter>Header Files</Filter>
    </ClInclude>
    <ClInclude Include="AIServer.h">
      <Filter>Header Files</Filter>
    </ClInclude>
    <ClInclude Include="AIServerDlg.h">
      <Filter>Header Files</Filter>
    </ClInclude>
    <ClInclude Include="StdAfx.h">
      <Filter>Header Files</Filter>
    </ClInclude>
    <ClInclude Include="STLMap.h">
      <Filter>Header Files</Filter>
    </ClInclude>
    <ClInclude Include="User.h">
      <Filter>Header Files</Filter>
    </ClInclude>
    <ClInclude Include="ZoneInfoSet.h">
      <Filter>Header Files</Filter>
    </ClInclude>
    <ClInclude Include="N3BASE\My_3DStruct.h">
      <Filter>N3Base</Filter>
    </ClInclude>
    <ClInclude Include="N3BASE\My_Macro.h">
      <Filter>N3Base</Filter>
    </ClInclude>
    <ClInclude Include="N3BASE\N3ShapeMgr.h">
      <Filter>N3Base</Filter>
    </ClInclude>
    <ClInclude Include="N3BASE\StdAfxBase.h">
      <Filter>N3Base</Filter>
    </ClInclude>
    <ClInclude Include="Resource.h">
      <Filter>Resource Files</Filter>
    </ClInclude>
  </ItemGroup>
  <ItemGroup>
    <Image Include="res\AIServer.ico" />
  </ItemGroup>
  <ItemGroup>
    <ResourceCompile Include="res\AIServer.rc">
      <Filter>Source Files</Filter>
    </ResourceCompile>
  </ItemGroup>
  <ItemGroup>
    <Text Include="ReadMe.txt" />
  </ItemGroup>
</Project>