
Microsoft Visual Studio Solution File, Format Version 12.00
# Visual Studio Version 17
VisualStudioVersion = 17.2.32630.192
MinimumVisualStudioVersion = 10.0.40219.1
Project("{2150E333-8FDC-42A3-9474-1A3956D46DE8}") = "Game", "Game", "{1AC26E0B-5B87-45F3-A02D-B6020542FAB1}"
EndProject
Project("{2150E333-8FDC-42A3-9474-1A3956D46DE8}") = "Server", "Server", "{B2ECAC2B-DB32-47FF-BB99-C519B51E486C}"
EndProject
Project("{2150E333-8FDC-42A3-9474-1A3956D46DE8}") = "Tool", "Tool", "{70114363-8420-4ED4-8349-66B80538365A}"
EndProject
Project("{8BC9CEB8-8B4A-11D0-8D11-00A0C91BC942}") = "KnightOnLine", "game\KnightOnLine.vcxproj", "{D4401A96-091F-43E1-8873-CB663B6C7F0B}"
EndProject
Project("{8BC9CEB8-8B4A-11D0-8D11-00A0C91BC942}") = "AIServer", "server\AIServer\AIServer.vcxproj", "{DBBC1F98-C25A-4F96-A933-805365F0F83E}"
EndProject
Project("{8BC9CEB8-8B4A-11D0-8D11-00A0C91BC942}") = "Aujard", "server\Aujard\Aujard.vcxproj", "{A641CE5D-2910-4BF5-8423-9E2ED96F3BCC}"
EndProject
Project("{8BC9CEB8-8B4A-11D0-8D11-00A0C91BC942}") = "Ebenezer", "server\Ebenezer\Ebenezer.vcxproj", "{27951848-85E4-46D3-9976-3CEDD74B7A86}"
EndProject
Project("{8BC9CEB8-8B4A-11D0-8D11-00A0C91BC942}") = "ItemManager", "server\ItemManager\ItemManager.vcxproj", "{F23059FC-FE26-4F90-A25B-9BF11ABB4E9A}"
EndProject
Project("{8BC9CEB8-8B4A-11D0-8D11-00A0C91BC942}") = "VersionManager", "server\LogInServer\VersionManager.vcxproj", "{CDCC29A4-6B71-41ED-BFFD-438F419AE1FC}"
EndProject
Project("{8BC9CEB8-8B4A-11D0-8D11-00A0C91BC942}") = "Zip", "server\LogInServer\Zip.vcxproj", "{8163F992-7B73-4069-B615-3CFA6DBC58F9}"
EndProject
Project("{8BC9CEB8-8B4A-11D0-8D11-00A0C91BC942}") = "N3ME", "tool\N3ME\N3ME.vcxproj", "{9CBD7073-895F-488B-8F05-509ADF121E95}"
EndProject
Project("{8BC9CEB8-8B4A-11D0-8D11-00A0C91BC942}") = "KscViewer", "tool\KscViewer\KscViewer.vcxproj", "{56605844-DE99-4FA8-8D9D-2D25705F35A2}"
EndProject
Project("{8BC9CEB8-8B4A-11D0-8D11-00A0C91BC942}") = "ZipArchive", "tool\Launcher\ZipArchive\ZipArchive.vcxproj", "{97039C5A-4F35-404C-B6D5-8854BD991AD5}"
EndProject
Project("{8BC9CEB8-8B4A-11D0-8D11-00A0C91BC942}") = "Launcher", "tool\Launcher\Launcher\Launcher.vcxproj", "{0D8CE6AD-5A79-42DB-AB89-6FBFF7B916D7}"
EndProject
Project("{8BC9CEB8-8B4A-11D0-8D11-00A0C91BC942}") = "N3CE", "tool\N3CE\N3CE.vcxproj", "{E06F7FAD-F43A-4CAD-B25C-A0F053AE0BE6}"
EndProject
Project("{8BC9CEB8-8B4A-11D0-8D11-00A0C91BC942}") = "N3FXE", "tool\N3FXE\N3FXE.vcxproj", "{B103F713-B955-42CD-8B5D-D49C3005337E}"
EndProject
Project("{8BC9CEB8-8B4A-11D0-8D11-00A0C91BC942}") = "N3Indoor", "tool\N3Indoor\N3Indoor.vcxproj", "{072B3F67-DF8B-4DED-AD68-7180FABC5B15}"
EndProject
Project("{8BC9CEB8-8B4A-11D0-8D11-00A0C91BC942}") = "N3TexViewer", "tool\N3TexViewer\N3TexViewer.vcxproj", "{8F8823C9-6AE5-46AF-81A8-78B338519A7C}"
EndProject
Project("{8BC9CEB8-8B4A-11D0-8D11-00A0C91BC942}") = "N3Viewer", "tool\N3Viewer\N3Viewer.vcxproj", "{BE60C7BD-0732-442B-9BC8-9EF0138DE8B0}"
EndProject
Project("{8BC9CEB8-8B4A-11D0-8D11-00A0C91BC942}") = "Option", "tool\Option\Option.vcxproj", "{B1972EC5-6512-4DAC-9A19-84A35AB8389B}"
EndProject
Project("{8BC9CEB8-8B4A-11D0-8D11-00A0C91BC942}") = "RscTables", "tool\RscTables\RscTables.vcxproj", "{59F6CDBA-5C5D-4024-9F9A-F45DBF575010}"
EndProject
Project("{8BC9CEB8-8B4A-11D0-8D11-00A0C91BC942}") = "ServerInfoViewer", "tool\ServerInfoViewer\ServerInfoViewer.vcxproj", "{052D42A9-8D62-4B95-AF4B-DB95ACC15D3A}"
EndProject
Project("{8BC9CEB8-8B4A-11D0-8D11-00A0C91BC942}") = "SkyViewer", "tool\SkyViewer\SkyViewer.vcxproj", "{8384D9F1-C067-4253-A568-80506D5972E4}"
EndProject
Project("{8BC9CEB8-8B4A-11D0-8D11-00A0C91BC942}") = "UIE", "tool\UIE\UIE.vcxproj", "{EB1BE570-0DD7-4E3A-A690-6F08A7D7E0B4}"
EndProject
Global
	GlobalSection(SolutionConfigurationPlatforms) = preSolution
		Debug|x86 = Debug|x86
		Release|x86 = Release|x86
	EndGlobalSection
	GlobalSection(ProjectConfigurationPlatforms) = postSolution
		{D4401A96-091F-43E1-8873-CB663B6C7F0B}.Debug|x86.ActiveCfg = Debug|Win32
		{D4401A96-091F-43E1-8873-CB663B6C7F0B}.Debug|x86.Build.0 = Debug|Win32
		{D4401A96-091F-43E1-8873-CB663B6C7F0B}.Release|x86.ActiveCfg = Release|Win32
		{D4401A96-091F-43E1-8873-CB663B6C7F0B}.Release|x86.Build.0 = Release|Win32
		{DBBC1F98-C25A-4F96-A933-805365F0F83E}.Debug|x86.ActiveCfg = Debug|Win32
		{DBBC1F98-C25A-4F96-A933-805365F0F83E}.Debug|x86.Build.0 = Debug|Win32
		{DBBC1F98-C25A-4F96-A933-805365F0F83E}.Release|x86.ActiveCfg = Release|Win32
		{DBBC1F98-C25A-4F96-A933-805365F0F83E}.Release|x86.Build.0 = Release|Win32
		{A641CE5D-2910-4BF5-8423-9E2ED96F3BCC}.Debug|x86.ActiveCfg = Debug|Win32
		{A641CE5D-2910-4BF5-8423-9E2ED96F3BCC}.Debug|x86.Build.0 = Debug|Win32
		{A641CE5D-2910-4BF5-8423-9E2ED96F3BCC}.Release|x86.ActiveCfg = Release|Win32
		{A641CE5D-2910-4BF5-8423-9E2ED96F3BCC}.Release|x86.Build.0 = Release|Win32
		{27951848-85E4-46D3-9976-3CEDD74B7A86}.Debug|x86.ActiveCfg = Debug|Win32
		{27951848-85E4-46D3-9976-3CEDD74B7A86}.Debug|x86.Build.0 = Debug|Win32
		{27951848-85E4-46D3-9976-3CEDD74B7A86}.Release|x86.ActiveCfg = Release|Win32
		{27951848-85E4-46D3-9976-3CEDD74B7A86}.Release|x86.Build.0 = Release|Win32
		{F23059FC-FE26-4F90-A25B-9BF11ABB4E9A}.Debug|x86.ActiveCfg = Debug|Win32
		{F23059FC-FE26-4F90-A25B-9BF11ABB4E9A}.Debug|x86.Build.0 = Debug|Win32
		{F23059FC-FE26-4F90-A25B-9BF11ABB4E9A}.Release|x86.ActiveCfg = Release|Win32
		{F23059FC-FE26-4F90-A25B-9BF11ABB4E9A}.Release|x86.Build.0 = Release|Win32
		{CDCC29A4-6B71-41ED-BFFD-438F419AE1FC}.Debug|x86.ActiveCfg = Debug|Win32
		{CDCC29A4-6B71-41ED-BFFD-438F419AE1FC}.Debug|x86.Build.0 = Debug|Win32
		{CDCC29A4-6B71-41ED-BFFD-438F419AE1FC}.Release|x86.ActiveCfg = Release|Win32
		{CDCC29A4-6B71-41ED-BFFD-438F419AE1FC}.Release|x86.Build.0 = Release|Win32
		{8163F992-7B73-4069-B615-3CFA6DBC58F9}.Debug|x86.ActiveCfg = Debug|Win32
		{8163F992-7B73-4069-B615-3CFA6DBC58F9}.Debug|x86.Build.0 = Debug|Win32
		{8163F992-7B73-4069-B615-3CFA6DBC58F9}.Release|x86.ActiveCfg = Release|Win32
		{8163F992-7B73-4069-B615-3CFA6DBC58F9}.Release|x86.Build.0 = Release|Win32
		{9CBD7073-895F-488B-8F05-509ADF121E95}.Debug|x86.ActiveCfg = Debug|Win32
		{9CBD7073-895F-488B-8F05-509ADF121E95}.Debug|x86.Build.0 = Debug|Win32
		{9CBD7073-895F-488B-8F05-509ADF121E95}.Release|x86.ActiveCfg = Release|Win32
		{9CBD7073-895F-488B-8F05-509ADF121E95}.Release|x86.Build.0 = Release|Win32
		{56605844-DE99-4FA8-8D9D-2D25705F35A2}.Debug|x86.ActiveCfg = Debug|Win32
		{56605844-DE99-4FA8-8D9D-2D25705F35A2}.Debug|x86.Build.0 = Debug|Win32
		{56605844-DE99-4FA8-8D9D-2D25705F35A2}.Release|x86.ActiveCfg = Release|Win32
		{56605844-DE99-4FA8-8D9D-2D25705F35A2}.Release|x86.Build.0 = Release|Win32
		{97039C5A-4F35-404C-B6D5-8854BD991AD5}.Debug|x86.ActiveCfg = Debug|Win32
		{97039C5A-4F35-404C-B6D5-8854BD991AD5}.Debug|x86.Build.0 = Debug|Win32
		{97039C5A-4F35-404C-B6D5-8854BD991AD5}.Release|x86.ActiveCfg = Release|Win32
		{97039C5A-4F35-404C-B6D5-8854BD991AD5}.Release|x86.Build.0 = Release|Win32
		{0D8CE6AD-5A79-42DB-AB89-6FBFF7B916D7}.Debug|x86.ActiveCfg = Debug|Win32
		{0D8CE6AD-5A79-42DB-AB89-6FBFF7B916D7}.Debug|x86.Build.0 = Debug|Win32
		{0D8CE6AD-5A79-42DB-AB89-6FBFF7B916D7}.Release|x86.ActiveCfg = Release|Win32
		{0D8CE6AD-5A79-42DB-AB89-6FBFF7B916D7}.Release|x86.Build.0 = Release|Win32
		{E06F7FAD-F43A-4CAD-B25C-A0F053AE0BE6}.Debug|x86.ActiveCfg = Debug|Win32
		{E06F7FAD-F43A-4CAD-B25C-A0F053AE0BE6}.Debug|x86.Build.0 = Debug|Win32
		{E06F7FAD-F43A-4CAD-B25C-A0F053AE0BE6}.Release|x86.ActiveCfg = Release|Win32
		{E06F7FAD-F43A-4CAD-B25C-A0F053AE0BE6}.Release|x86.Build.0 = Release|Win32
		{B103F713-B955-42CD-8B5D-D49C3005337E}.Debug|x86.ActiveCfg = Debug|Win32
		{B103F713-B955-42CD-8B5D-D49C3005337E}.Debug|x86.Build.0 = Debug|Win32
		{B103F713-B955-42CD-8B5D-D49C3005337E}.Release|x86.ActiveCfg = Release|Win32
		{B103F713-B955-42CD-8B5D-D49C3005337E}.Release|x86.Build.0 = Release|Win32
		{072B3F67-DF8B-4DED-AD68-7180FABC5B15}.Debug|x86.ActiveCfg = Debug|Win32
		{072B3F67-DF8B-4DED-AD68-7180FABC5B15}.Debug|x86.Build.0 = Debug|Win32
		{072B3F67-DF8B-4DED-AD68-7180FABC5B15}.Release|x86.ActiveCfg = Release|Win32
		{072B3F67-DF8B-4DED-AD68-7180FABC5B15}.Release|x86.Build.0 = Release|Win32
		{8F8823C9-6AE5-46AF-81A8-78B338519A7C}.Debug|x86.ActiveCfg = Debug|Win32
		{8F8823C9-6AE5-46AF-81A8-78B338519A7C}.Debug|x86.Build.0 = Debug|Win32
		{8F8823C9-6AE5-46AF-81A8-78B338519A7C}.Release|x86.ActiveCfg = Release|Win32
		{8F8823C9-6AE5-46AF-81A8-78B338519A7C}.Release|x86.Build.0 = Release|Win32
		{BE60C7BD-0732-442B-9BC8-9EF0138DE8B0}.Debug|x86.ActiveCfg = Debug|Win32
		{BE60C7BD-0732-442B-9BC8-9EF0138DE8B0}.Debug|x86.Build.0 = Debug|Win32
		{BE60C7BD-0732-442B-9BC8-9EF0138DE8B0}.Release|x86.ActiveCfg = Release|Win32
		{BE60C7BD-0732-442B-9BC8-9EF0138DE8B0}.Release|x86.Build.0 = Release|Win32
		{B1972EC5-6512-4DAC-9A19-84A35AB8389B}.Debug|x86.ActiveCfg = Debug|Win32
		{B1972EC5-6512-4DAC-9A19-84A35AB8389B}.Debug|x86.Build.0 = Debug|Win32
		{B1972EC5-6512-4DAC-9A19-84A35AB8389B}.Release|x86.ActiveCfg = Release|Win32
		{B1972EC5-6512-4DAC-9A19-84A35AB8389B}.Release|x86.Build.0 = Release|Win32
		{59F6CDBA-5C5D-4024-9F9A-F45DBF575010}.Debug|x86.ActiveCfg = Debug|Win32
		{59F6CDBA-5C5D-4024-9F9A-F45DBF575010}.Debug|x86.Build.0 = Debug|Win32
		{59F6CDBA-5C5D-4024-9F9A-F45DBF575010}.Release|x86.ActiveCfg = Release|Win32
		{59F6CDBA-5C5D-4024-9F9A-F45DBF575010}.Release|x86.Build.0 = Release|Win32
		{052D42A9-8D62-4B95-AF4B-DB95ACC15D3A}.Debug|x86.ActiveCfg = Debug|Win32
		{052D42A9-8D62-4B95-AF4B-DB95ACC15D3A}.Debug|x86.Build.0 = Debug|Win32
		{052D42A9-8D62-4B95-AF4B-DB95ACC15D3A}.Release|x86.ActiveCfg = Release|Win32
		{052D42A9-8D62-4B95-AF4B-DB95ACC15D3A}.Release|x86.Build.0 = Release|Win32
		{8384D9F1-C067-4253-A568-80506D5972E4}.Debug|x86.ActiveCfg = Debug|Win32
		{8384D9F1-C067-4253-A568-80506D5972E4}.Debug|x86.Build.0 = Debug|Win32
		{8384D9F1-C067-4253-A568-80506D5972E4}.Release|x86.ActiveCfg = Release|Win32
		{8384D9F1-C067-4253-A568-80506D5972E4}.Release|x86.Build.0 = Release|Win32
		{EB1BE570-0DD7-4E3A-A690-6F08A7D7E0B4}.Debug|x86.ActiveCfg = Debug|Win32
		{EB1BE570-0DD7-4E3A-A690-6F08A7D7E0B4}.Debug|x86.Build.0 = Debug|Win32
		{EB1BE570-0DD7-4E3A-A690-6F08A7D7E0B4}.Release|x86.ActiveCfg = Release|Win32
		{EB1BE570-0DD7-4E3A-A690-6F08A7D7E0B4}.Release|x86.Build.0 = Release|Win32
	EndGlobalSection
	GlobalSection(SolutionProperties) = preSolution
		HideSolutionNode = FALSE
	EndGlobalSection
	GlobalSection(NestedProjects) = preSolution
		{D4401A96-091F-43E1-8873-CB663B6C7F0B} = {1AC26E0B-5B87-45F3-A02D-B6020542FAB1}
		{DBBC1F98-C25A-4F96-A933-805365F0F83E} = {B2ECAC2B-DB32-47FF-BB99-C519B51E486C}
		{A641CE5D-2910-4BF5-8423-9E2ED96F3BCC} = {B2ECAC2B-DB32-47FF-BB99-C519B51E486C}
		{27951848-85E4-46D3-9976-3CEDD74B7A86} = {B2ECAC2B-DB32-47FF-BB99-C519B51E486C}
		{F23059FC-FE26-4F90-A25B-9BF11ABB4E9A} = {B2ECAC2B-DB32-47FF-BB99-C519B51E486C}
		{CDCC29A4-6B71-41ED-BFFD-438F419AE1FC} = {B2ECAC2B-DB32-47FF-BB99-C519B51E486C}
		{8163F992-7B73-4069-B615-3CFA6DBC58F9} = {B2ECAC2B-DB32-47FF-BB99-C519B51E486C}
		{9CBD7073-895F-488B-8F05-509ADF121E95} = {70114363-8420-4ED4-8349-66B80538365A}
		{56605844-DE99-4FA8-8D9D-2D25705F35A2} = {70114363-8420-4ED4-8349-66B80538365A}
		{97039C5A-4F35-404C-B6D5-8854BD991AD5} = {70114363-8420-4ED4-8349-66B80538365A}
		{0D8CE6AD-5A79-42DB-AB89-6FBFF7B916D7} = {70114363-8420-4ED4-8349-66B80538365A}
		{E06F7FAD-F43A-4CAD-B25C-A0F053AE0BE6} = {70114363-8420-4ED4-8349-66B80538365A}
		{B103F713-B955-42CD-8B5D-D49C3005337E} = {70114363-8420-4ED4-8349-66B80538365A}
		{072B3F67-DF8B-4DED-AD68-7180FABC5B15} = {70114363-8420-4ED4-8349-66B80538365A}
		{8F8823C9-6AE5-46AF-81A8-78B338519A7C} = {70114363-8420-4ED4-8349-66B80538365A}
		{BE60C7BD-0732-442B-9BC8-9EF0138DE8B0} = {70114363-8420-4ED4-8349-66B80538365A}
		{B1972EC5-6512-4DAC-9A19-84A35AB8389B} = {70114363-8420-4ED4-8349-66B80538365A}
		{59F6CDBA-5C5D-4024-9F9A-F45DBF575010} = {70114363-8420-4ED4-8349-66B80538365A}
		{052D42A9-8D62-4B95-AF4B-DB95ACC15D3A} = {70114363-8420-4ED4-8349-66B80538365A}
		{8384D9F1-C067-4253-A568-80506D5972E4} = {70114363-8420-4ED4-8349-66B80538365A}
		{EB1BE570-0DD7-4E3A-A690-6F08A7D7E0B4} = {70114363-8420-4ED4-8349-66B80538365A}
	EndGlobalSection
	GlobalSection(ExtensibilityGlobals) = postSolution
		SolutionGuid = {6286A84B-7CBF-4A8A-A4FA-C6DBC3D829A4}
	EndGlobalSection
EndGlobal
