
Microsoft Visual Studio Solution File, Format Version 12.00
# Visual Studio Version 17
VisualStudioVersion = 17.2.32616.157
MinimumVisualStudioVersion = 10.0.40219.1
Project("{8BC9CEB8-8B4A-11D0-8D11-00A0C91BC942}") = "N3ME", "tool\N3ME\N3ME.vcxproj", "{9CBD7073-895F-488B-8F05-509ADF121E95}"
EndProject
Project("{8BC9CEB8-8B4A-11D0-8D11-00A0C91BC942}") = "KscViewer", "tool\KscViewer\KscViewer.vcxproj", "{56605844-DE99-4FA8-8D9D-2D25705F35A2}"
EndProject
Project("{8BC9CEB8-8B4A-11D0-8D11-00A0C91BC942}") = "ZipArchive", "tool\Launcher\ZipArchive\ZipArchive.vcxproj", "{97039C5A-4F35-404C-B6D5-8854BD991AD5}"
EndProject
Project("{8BC9CEB8-8B4A-11D0-8D11-00A0C91BC942}") = "Launcher", "tool\Launcher\Launcher\Launcher.vcxproj", "{0D8CE6AD-5A79-42DB-AB89-6FBFF7B916D7}"
EndProject
Project("{8BC9CEB8-8B4A-11D0-8D11-00A0C91BC942}") = "N3CE", "tool\N3CE\N3CE.vcxproj", "{E06F7FAD-F43A-4CAD-B25C-A0F053AE0BE6}"
EndProject
Project("{8BC9CEB8-8B4A-11D0-8D11-00A0C91BC942}") = "N3FXE", "tool\N3FXE\N3FXE.vcxproj", "{B103F713-B955-42CD-8B5D-D49C3005337E}"
EndProject
Project("{8BC9CEB8-8B4A-11D0-8D11-00A0C91BC942}") = "N3Indoor", "tool\N3Indoor\N3Indoor.vcxproj", "{072B3F67-DF8B-4DED-AD68-7180FABC5B15}"
EndProject
Project("{8BC9CEB8-8B4A-11D0-8D11-00A0C91BC942}") = "N3TexViewer", "tool\N3TexViewer\N3TexViewer.vcxproj", "{8F8823C9-6AE5-46AF-81A8-78B338519A7C}"
EndProject
Project("{8BC9CEB8-8B4A-11D0-8D11-00A0C91BC942}") = "N3Viewer", "tool\N3Viewer\N3Viewer.vcxproj", "{BE60C7BD-0732-442B-9BC8-9EF0138DE8B0}"
EndProject
Project("{8BC9CEB8-8B4A-11D0-8D11-00A0C91BC942}") = "Option", "tool\Option\Option.vcxproj", "{B1972EC5-6512-4DAC-9A19-84A35AB8389B}"
EndProject
Global
	GlobalSection(SolutionConfigurationPlatforms) = preSolution
		Debug|x86 = Debug|x86
		Release|x86 = Release|x86
	EndGlobalSection
	GlobalSection(ProjectConfigurationPlatforms) = postSolution
		{9CBD7073-895F-488B-8F05-509ADF121E95}.Debug|x86.ActiveCfg = Debug|Win32
		{9CBD7073-895F-488B-8F05-509ADF121E95}.Debug|x86.Build.0 = Debug|Win32
		{9CBD7073-895F-488B-8F05-509ADF121E95}.Release|x86.ActiveCfg = Release|Win32
		{9CBD7073-895F-488B-8F05-509ADF121E95}.Release|x86.Build.0 = Release|Win32
		{56605844-DE99-4FA8-8D9D-2D25705F35A2}.Debug|x86.ActiveCfg = Debug|Win32
		{56605844-DE99-4FA8-8D9D-2D25705F35A2}.Debug|x86.Build.0 = Debug|Win32
		{56605844-DE99-4FA8-8D9D-2D25705F35A2}.Release|x86.ActiveCfg = Release|Win32
		{56605844-DE99-4FA8-8D9D-2D25705F35A2}.Release|x86.Build.0 = Release|Win32
		{97039C5A-4F35-404C-B6D5-8854BD991AD5}.Debug|x86.ActiveCfg = Debug|Win32
		{97039C5A-4F35-404C-B6D5-8854BD991AD5}.Debug|x86.Build.0 = Debug|Win32
		{97039C5A-4F35-404C-B6D5-8854BD991AD5}.Release|x86.ActiveCfg = Release|Win32
		{97039C5A-4F35-404C-B6D5-8854BD991AD5}.Release|x86.Build.0 = Release|Win32
		{0D8CE6AD-5A79-42DB-AB89-6FBFF7B916D7}.Debug|x86.ActiveCfg = Debug|Win32
		{0D8CE6AD-5A79-42DB-AB89-6FBFF7B916D7}.Debug|x86.Build.0 = Debug|Win32
		{0D8CE6AD-5A79-42DB-AB89-6FBFF7B916D7}.Release|x86.ActiveCfg = Release|Win32
		{0D8CE6AD-5A79-42DB-AB89-6FBFF7B916D7}.Release|x86.Build.0 = Release|Win32
		{E06F7FAD-F43A-4CAD-B25C-A0F053AE0BE6}.Debug|x86.ActiveCfg = Debug|Win32
		{E06F7FAD-F43A-4CAD-B25C-A0F053AE0BE6}.Debug|x86.Build.0 = Debug|Win32
		{E06F7FAD-F43A-4CAD-B25C-A0F053AE0BE6}.Release|x86.ActiveCfg = Release|Win32
		{E06F7FAD-F43A-4CAD-B25C-A0F053AE0BE6}.Release|x86.Build.0 = Release|Win32
		{B103F713-B955-42CD-8B5D-D49C3005337E}.Debug|x86.ActiveCfg = Debug|Win32
		{B103F713-B955-42CD-8B5D-D49C3005337E}.Debug|x86.Build.0 = Debug|Win32
		{B103F713-B955-42CD-8B5D-D49C3005337E}.Release|x86.ActiveCfg = Release|Win32
		{B103F713-B955-42CD-8B5D-D49C3005337E}.Release|x86.Build.0 = Release|Win32
		{072B3F67-DF8B-4DED-AD68-7180FABC5B15}.Debug|x86.ActiveCfg = Debug|Win32
		{072B3F67-DF8B-4DED-AD68-7180FABC5B15}.Debug|x86.Build.0 = Debug|Win32
		{072B3F67-DF8B-4DED-AD68-7180FABC5B15}.Release|x86.ActiveCfg = Release|Win32
		{072B3F67-DF8B-4DED-AD68-7180FABC5B15}.Release|x86.Build.0 = Release|Win32
		{8F8823C9-6AE5-46AF-81A8-78B338519A7C}.Debug|x86.ActiveCfg = Debug|Win32
		{8F8823C9-6AE5-46AF-81A8-78B338519A7C}.Debug|x86.Build.0 = Debug|Win32
		{8F8823C9-6AE5-46AF-81A8-78B338519A7C}.Release|x86.ActiveCfg = Release|Win32
		{8F8823C9-6AE5-46AF-81A8-78B338519A7C}.Release|x86.Build.0 = Release|Win32
		{BE60C7BD-0732-442B-9BC8-9EF0138DE8B0}.Debug|x86.ActiveCfg = Debug|Win32
		{BE60C7BD-0732-442B-9BC8-9EF0138DE8B0}.Debug|x86.Build.0 = Debug|Win32
		{BE60C7BD-0732-442B-9BC8-9EF0138DE8B0}.Release|x86.ActiveCfg = Release|Win32
		{BE60C7BD-0732-442B-9BC8-9EF0138DE8B0}.Release|x86.Build.0 = Release|Win32
		{B1972EC5-6512-4DAC-9A19-84A35AB8389B}.Debug|x86.ActiveCfg = Debug|Win32
		{B1972EC5-6512-4DAC-9A19-84A35AB8389B}.Debug|x86.Build.0 = Debug|Win32
		{B1972EC5-6512-4DAC-9A19-84A35AB8389B}.Release|x86.ActiveCfg = Release|Win32
		{B1972EC5-6512-4DAC-9A19-84A35AB8389B}.Release|x86.Build.0 = Release|Win32
	EndGlobalSection
	GlobalSection(SolutionProperties) = preSolution
		HideSolutionNode = FALSE
	EndGlobalSection
	GlobalSection(ExtensibilityGlobals) = postSolution
		SolutionGuid = {EB668A0C-2E99-4CDD-BB9C-96DE6CAC7ED4}
	EndGlobalSection
EndGlobal
