<?xml version="1.0" encoding="utf-8"?>
<Project ToolsVersion="4.0" xmlns="http://schemas.microsoft.com/developer/msbuild/2003">
  <ItemGroup>
    <Filter Include="Resource Files">
      <UniqueIdentifier>{17bc6138-d6de-4b28-9066-6b2e2e98e945}</UniqueIdentifier>
      <Extensions>ico;cur;bmp;dlg;rc2;rct;bin;rgs;gif;jpg;jpeg;jpe</Extensions>
    </Filter>
    <Filter Include="N3Indoor">
      <UniqueIdentifier>{ef85af0d-bf64-4971-8fda-4a29238b8c4b}</UniqueIdentifier>
    </Filter>
    <Filter Include="N3Indoor\Dialogs">
      <UniqueIdentifier>{aa0e9e2d-1c29-45f4-bb8a-07bfb4945476}</UniqueIdentifier>
    </Filter>
    <Filter Include="N3Base">
      <UniqueIdentifier>{4cf336f5-2a64-473e-800d-005c8be35621}</UniqueIdentifier>
    </Filter>
    <Filter Include="PVS New">
      <UniqueIdentifier>{d45e5b02-d4d5-4367-a2c2-b9aa99e27acf}</UniqueIdentifier>
    </Filter>
    <Filter Include="CDummy Series">
      <UniqueIdentifier>{bcc6aaa7-381c-40dd-8116-03f1209c6c84}</UniqueIdentifier>
    </Filter>
    <Filter Include="N3Shape">
      <UniqueIdentifier>{58b7351e-566c-4eba-80cc-1a5961c5fe7e}</UniqueIdentifier>
    </Filter>
  </ItemGroup>
  <ItemGroup>
    <ClInclude Include="ComDialog.h">
      <Filter>N3Indoor\Dialogs</Filter>
    </ClInclude>
    <ClInclude Include="DlgBase.h">
      <Filter>N3Indoor\Dialogs</Filter>
    </ClInclude>
    <ClInclude Include="DlgShapeList.h">
      <Filter>N3Indoor\Dialogs</Filter>
    </ClInclude>
    <ClInclude Include="DlgUnusedFiles.h">
      <Filter>N3Indoor\Dialogs</Filter>
    </ClInclude>
    <ClInclude Include="EnvironSoundPage.h">
      <Filter>N3Indoor\Dialogs</Filter>
    </ClInclude>
    <ClInclude Include="EventEditPage.h">
      <Filter>N3Indoor\Dialogs</Filter>
    </ClInclude>
    <ClInclude Include="FloorDlg.h">
      <Filter>N3Indoor\Dialogs</Filter>
    </ClInclude>
    <ClInclude Include="MakeNpcPathPage.h">
      <Filter>N3Indoor\Dialogs</Filter>
    </ClInclude>
    <ClInclude Include="ShapeTypeDlg.h">
      <Filter>N3Indoor\Dialogs</Filter>
    </ClInclude>
    <ClInclude Include="TotalToolSheet.h">
      <Filter>N3Indoor\Dialogs</Filter>
    </ClInclude>
    <ClInclude Include="UserRegenPage.h">
      <Filter>N3Indoor\Dialogs</Filter>
    </ClInclude>
    <ClInclude Include="MainFrm.h">
      <Filter>N3Indoor</Filter>
    </ClInclude>
    <ClInclude Include="N3Indoor.h">
      <Filter>N3Indoor</Filter>
    </ClInclude>
    <ClInclude Include="N3IndoorDoc.h">
      <Filter>N3Indoor</Filter>
    </ClInclude>
    <ClInclude Include="N3IndoorView.h">
      <Filter>N3Indoor</Filter>
    </ClInclude>
    <ClInclude Include="OrganizeView.h">
      <Filter>N3Indoor</Filter>
    </ClInclude>
    <ClInclude Include="$(SrcDir)\tool\Widget\PropertyList.h">
      <Filter>N3Indoor</Filter>
    </ClInclude>
    <ClInclude Include="StdAfx.h">
      <Filter>N3Indoor</Filter>
    </ClInclude>
    <ClInclude Include="$(SrcDir)\engine\N3Base\BitMapFile.h">
      <Filter>N3Base</Filter>
    </ClInclude>
    <ClInclude Include="$(SrcDir)\engine\N3Base\DFont.h">
      <Filter>N3Base</Filter>
    </ClInclude>
    <ClInclude Include="$(SrcDir)\engine\N3Base\LogWriter.h">
      <Filter>N3Base</Filter>
    </ClInclude>
    <ClInclude Include="$(SrcDir)\engine\N3Base\My_3DStruct.h">
      <Filter>N3Base</Filter>
    </ClInclude>
    <ClInclude Include="$(SrcDir)\engine\N3Base\N3AlphaPrimitiveManager.h">
      <Filter>N3Base</Filter>
    </ClInclude>
    <ClInclude Include="$(SrcDir)\engine\N3Base\N3AnimControl.h">
      <Filter>N3Base</Filter>
    </ClInclude>
    <ClInclude Include="$(SrcDir)\engine\N3Base\N3AnimKey.h">
      <Filter>N3Base</Filter>
    </ClInclude>
    <ClInclude Include="$(SrcDir)\engine\N3Base\N3Base.h">
      <Filter>N3Base</Filter>
    </ClInclude>
    <ClInclude Include="$(SrcDir)\engine\N3Base\N3BaseFileAccess.h">
      <Filter>N3Base</Filter>
    </ClInclude>
    <ClInclude Include="$(SrcDir)\engine\N3Base\N3Board.h">
      <Filter>N3Base</Filter>
    </ClInclude>
    <ClInclude Include="$(SrcDir)\engine\N3Base\N3Camera.h">
      <Filter>N3Base</Filter>
    </ClInclude>
    <ClInclude Include="$(SrcDir)\engine\N3Base\N3Chr.h">
      <Filter>N3Base</Filter>
    </ClInclude>
    <ClInclude Include="$(SrcDir)\engine\N3Base\N3Cloak.h">
      <Filter>N3Base</Filter>
    </ClInclude>
    <ClInclude Include="$(SrcDir)\engine\N3Base\N3Cloud.h">
      <Filter>N3Base</Filter>
    </ClInclude>
    <ClInclude Include="$(SrcDir)\engine\N3Base\N3ColorChange.h">
      <Filter>N3Base</Filter>
    </ClInclude>
    <ClInclude Include="$(SrcDir)\engine\N3Base\N3Eng.h">
      <Filter>N3Base</Filter>
    </ClInclude>
    <ClInclude Include="$(SrcDir)\engine\N3Base\N3EngTool.h">
      <Filter>N3Base</Filter>
    </ClInclude>
    <ClInclude Include="$(SrcDir)\engine\N3Base\N3FXBundle.h">
      <Filter>N3Base</Filter>
    </ClInclude>
    <ClInclude Include="$(SrcDir)\engine\N3Base\N3FXDef.h">
      <Filter>N3Base</Filter>
    </ClInclude>
    <ClInclude Include="$(SrcDir)\engine\N3Base\N3FXGroup.h">
      <Filter>N3Base</Filter>
    </ClInclude>
    <ClInclude Include="$(SrcDir)\engine\N3Base\N3FXPartBase.h">
      <Filter>N3Base</Filter>
    </ClInclude>
    <ClInclude Include="$(SrcDir)\engine\N3Base\N3FXPartBillBoard.h">
      <Filter>N3Base</Filter>
    </ClInclude>
    <ClInclude Include="$(SrcDir)\engine\N3Base\N3FXPartBottomBoard.h">
      <Filter>N3Base</Filter>
    </ClInclude>
    <ClInclude Include="$(SrcDir)\engine\N3Base\N3FXParticle.h">
      <Filter>N3Base</Filter>
    </ClInclude>
    <ClInclude Include="$(SrcDir)\engine\N3Base\N3FXPartMesh.h">
      <Filter>N3Base</Filter>
    </ClInclude>
    <ClInclude Include="$(SrcDir)\engine\N3Base\N3FXPartParticles.h">
      <Filter>N3Base</Filter>
    </ClInclude>
    <ClInclude Include="$(SrcDir)\engine\N3Base\N3FXPlug.h">
      <Filter>N3Base</Filter>
    </ClInclude>
    <ClInclude Include="$(SrcDir)\engine\N3Base\N3FXPMesh.h">
      <Filter>N3Base</Filter>
    </ClInclude>
    <ClInclude Include="$(SrcDir)\engine\N3Base\N3FXPMeshInstance.h">
      <Filter>N3Base</Filter>
    </ClInclude>
    <ClInclude Include="$(SrcDir)\engine\N3Base\N3FXShape.h">
      <Filter>N3Base</Filter>
    </ClInclude>
    <ClInclude Include="$(SrcDir)\engine\N3Base\N3GlobalEffect.h">
      <Filter>N3Base</Filter>
    </ClInclude>
    <ClInclude Include="$(SrcDir)\engine\N3Base\N3IMesh.h">
      <Filter>N3Base</Filter>
    </ClInclude>
    <ClInclude Include="$(SrcDir)\engine\N3Base\N3Joint.h">
      <Filter>N3Base</Filter>
    </ClInclude>
    <ClInclude Include="$(SrcDir)\engine\N3Base\N3Light.h">
      <Filter>N3Base</Filter>
    </ClInclude>
    <ClInclude Include="$(SrcDir)\engine\N3Base\N3Mesh.h">
      <Filter>N3Base</Filter>
    </ClInclude>
    <ClInclude Include="$(SrcDir)\engine\N3Base\N3Mng.h">
      <Filter>N3Base</Filter>
    </ClInclude>
    <ClInclude Include="$(SrcDir)\engine\N3Base\N3Moon.h">
      <Filter>N3Base</Filter>
    </ClInclude>
    <ClInclude Include="$(SrcDir)\engine\N3Base\N3Scene.h">
      <Filter>N3Base</Filter>
    </ClInclude>
    <ClInclude Include="$(SrcDir)\engine\N3Base\N3Skin.h">
      <Filter>N3Base</Filter>
    </ClInclude>
    <ClInclude Include="$(SrcDir)\engine\N3Base\N3TableBase.h">
      <Filter>N3Base</Filter>
    </ClInclude>
    <ClInclude Include="$(SrcDir)\engine\N3Base\N3Texture.h">
      <Filter>N3Base</Filter>
    </ClInclude>
    <ClInclude Include="$(SrcDir)\engine\N3Base\N3TransformCollision.h">
      <Filter>N3Base</Filter>
    </ClInclude>
    <ClInclude Include="$(SrcDir)\engine\N3Base\Pick.h">
      <Filter>N3Base</Filter>
    </ClInclude>
    <ClInclude Include="PortalFactory.h">
      <Filter>PVS New</Filter>
    </ClInclude>
    <ClInclude Include="PortalVolume.h">
      <Filter>PVS New</Filter>
    </ClInclude>
    <ClInclude Include="PVSManager.h">
      <Filter>PVS New</Filter>
    </ClInclude>
    <ClInclude Include="PosDummy.h">
      <Filter>CDummy Series</Filter>
    </ClInclude>
    <ClInclude Include="RotDummy.h">
      <Filter>CDummy Series</Filter>
    </ClInclude>
    <ClInclude Include="ScaleDummy.h">
      <Filter>CDummy Series</Filter>
    </ClInclude>
    <ClInclude Include="SwappedDummy.h">
      <Filter>CDummy Series</Filter>
    </ClInclude>
    <ClInclude Include="TransDummy.h">
      <Filter>CDummy Series</Filter>
    </ClInclude>
    <ClInclude Include="$(SrcDir)\engine\N3Base\N3PMesh.h">
      <Filter>N3Shape</Filter>
    </ClInclude>
    <ClInclude Include="$(SrcDir)\engine\N3Base\N3PMeshCreate.h">
      <Filter>N3Shape</Filter>
    </ClInclude>
    <ClInclude Include="$(SrcDir)\engine\N3Base\N3PMeshInstance.h">
      <Filter>N3Shape</Filter>
    </ClInclude>
    <ClInclude Include="$(SrcDir)\engine\N3Base\N3Shape.h">
      <Filter>N3Shape</Filter>
    </ClInclude>
    <ClInclude Include="$(SrcDir)\engine\N3Base\N3ShapeExtra.h">
      <Filter>N3Shape</Filter>
    </ClInclude>
    <ClInclude Include="$(SrcDir)\engine\N3Base\N3ShapeMod.h">
      <Filter>N3Shape</Filter>
    </ClInclude>
    <ClInclude Include="$(SrcDir)\engine\N3Base\N3Transform.h">
      <Filter>N3Shape</Filter>
    </ClInclude>
    <ClInclude Include="$(SrcDir)\engine\N3Base\N3VMesh.h">
      <Filter>N3Shape</Filter>
    </ClInclude>
    <ClInclude Include="$(SrcDir)\engine\N3Base\N3Log.h">
      <Filter>N3Base</Filter>
    </ClInclude>
    <ClInclude Include="$(SrcDir)\common\N3Utils.h">
      <Filter>N3Base</Filter>
    </ClInclude>
  </ItemGroup>
  <ItemGroup>
    <ClCompile Include="ComDialog.cpp">
      <Filter>N3Indoor\Dialogs</Filter>
    </ClCompile>
    <ClCompile Include="DlgBase.cpp">
      <Filter>N3Indoor\Dialogs</Filter>
    </ClCompile>
    <ClCompile Include="DlgShapeList.cpp">
      <Filter>N3Indoor\Dialogs</Filter>
    </ClCompile>
    <ClCompile Include="DlgUnusedFiles.cpp">
      <Filter>N3Indoor\Dialogs</Filter>
    </ClCompile>
    <ClCompile Include="EnvironSoundPage.cpp">
      <Filter>N3Indoor\Dialogs</Filter>
    </ClCompile>
    <ClCompile Include="EventEditPage.cpp">
      <Filter>N3Indoor\Dialogs</Filter>
    </ClCompile>
    <ClCompile Include="FloorDlg.cpp">
      <Filter>N3Indoor\Dialogs</Filter>
    </ClCompile>
    <ClCompile Include="MakeNpcPathPage.cpp">
      <Filter>N3Indoor\Dialogs</Filter>
    </ClCompile>
    <ClCompile Include="ShapeTypeDlg.cpp">
      <Filter>N3Indoor\Dialogs</Filter>
    </ClCompile>
    <ClCompile Include="TotalToolSheet.cpp">
      <Filter>N3Indoor\Dialogs</Filter>
    </ClCompile>
    <ClCompile Include="UserRegenPage.cpp">
      <Filter>N3Indoor\Dialogs</Filter>
    </ClCompile>
    <ClCompile Include="MainFrm.cpp">
      <Filter>N3Indoor</Filter>
    </ClCompile>
    <ClCompile Include="N3Indoor.cpp">
      <Filter>N3Indoor</Filter>
    </ClCompile>
    <ClCompile Include="N3IndoorDoc.cpp">
      <Filter>N3Indoor</Filter>
    </ClCompile>
    <ClCompile Include="N3IndoorView.cpp">
      <Filter>N3Indoor</Filter>
    </ClCompile>
    <ClCompile Include="OrganizeView.cpp">
      <Filter>N3Indoor</Filter>
    </ClCompile>
    <ClCompile Include="$(SrcDir)\tool\Widget\PropertyList.cpp">
      <Filter>N3Indoor</Filter>
    </ClCompile>
    <ClCompile Include="StdAfx.cpp">
      <Filter>N3Indoor</Filter>
    </ClCompile>
    <ClCompile Include="$(SrcDir)\engine\N3Base\BitMapFile.cpp">
      <Filter>N3Base</Filter>
    </ClCompile>
    <ClCompile Include="$(SrcDir)\engine\N3Base\DFont.cpp">
      <Filter>N3Base</Filter>
    </ClCompile>
    <ClCompile Include="$(SrcDir)\engine\N3Base\LogWriter.cpp">
      <Filter>N3Base</Filter>
    </ClCompile>
    <ClCompile Include="$(SrcDir)\engine\N3Base\N3AlphaPrimitiveManager.cpp">
      <Filter>N3Base</Filter>
    </ClCompile>
    <ClCompile Include="$(SrcDir)\engine\N3Base\N3AnimControl.cpp">
      <Filter>N3Base</Filter>
    </ClCompile>
    <ClCompile Include="$(SrcDir)\engine\N3Base\N3AnimKey.cpp">
      <Filter>N3Base</Filter>
    </ClCompile>
    <ClCompile Include="$(SrcDir)\engine\N3Base\N3Base.cpp">
      <Filter>N3Base</Filter>
    </ClCompile>
    <ClCompile Include="$(SrcDir)\engine\N3Base\N3BaseFileAccess.cpp">
      <Filter>N3Base</Filter>
    </ClCompile>
    <ClCompile Include="$(SrcDir)\engine\N3Base\N3Board.cpp">
      <Filter>N3Base</Filter>
    </ClCompile>
    <ClCompile Include="$(SrcDir)\engine\N3Base\N3Camera.cpp">
      <Filter>N3Base</Filter>
    </ClCompile>
    <ClCompile Include="$(SrcDir)\engine\N3Base\N3Chr.cpp">
      <Filter>N3Base</Filter>
    </ClCompile>
    <ClCompile Include="$(SrcDir)\engine\N3Base\N3Cloak.cpp">
      <Filter>N3Base</Filter>
    </ClCompile>
    <ClCompile Include="$(SrcDir)\engine\N3Base\N3Cloud.cpp">
      <Filter>N3Base</Filter>
    </ClCompile>
    <ClCompile Include="$(SrcDir)\engine\N3Base\N3ColorChange.cpp">
      <Filter>N3Base</Filter>
    </ClCompile>
    <ClCompile Include="$(SrcDir)\engine\N3Base\N3Eng.cpp">
      <Filter>N3Base</Filter>
    </ClCompile>
    <ClCompile Include="$(SrcDir)\engine\N3Base\N3EngTool.cpp">
      <Filter>N3Base</Filter>
    </ClCompile>
    <ClCompile Include="$(SrcDir)\engine\N3Base\N3FXBundle.cpp">
      <Filter>N3Base</Filter>
    </ClCompile>
    <ClCompile Include="$(SrcDir)\engine\N3Base\N3FXGroup.cpp">
      <Filter>N3Base</Filter>
    </ClCompile>
    <ClCompile Include="$(SrcDir)\engine\N3Base\N3FXPartBase.cpp">
      <Filter>N3Base</Filter>
    </ClCompile>
    <ClCompile Include="$(SrcDir)\engine\N3Base\N3FXPartBillBoard.cpp">
      <Filter>N3Base</Filter>
    </ClCompile>
    <ClCompile Include="$(SrcDir)\engine\N3Base\N3FXPartBottomBoard.cpp">
      <Filter>N3Base</Filter>
    </ClCompile>
    <ClCompile Include="$(SrcDir)\engine\N3Base\N3FXParticle.cpp">
      <Filter>N3Base</Filter>
    </ClCompile>
    <ClCompile Include="$(SrcDir)\engine\N3Base\N3FXPartMesh.cpp">
      <Filter>N3Base</Filter>
    </ClCompile>
    <ClCompile Include="$(SrcDir)\engine\N3Base\N3FXPartParticles.cpp">
      <Filter>N3Base</Filter>
    </ClCompile>
    <ClCompile Include="$(SrcDir)\engine\N3Base\N3FXPlug.cpp">
      <Filter>N3Base</Filter>
    </ClCompile>
    <ClCompile Include="$(SrcDir)\engine\N3Base\N3FXPMesh.cpp">
      <Filter>N3Base</Filter>
    </ClCompile>
    <ClCompile Include="$(SrcDir)\engine\N3Base\N3FXPMeshInstance.cpp">
      <Filter>N3Base</Filter>
    </ClCompile>
    <ClCompile Include="$(SrcDir)\engine\N3Base\N3FXShape.cpp">
      <Filter>N3Base</Filter>
    </ClCompile>
    <ClCompile Include="$(SrcDir)\engine\N3Base\N3GlobalEffect.cpp">
      <Filter>N3Base</Filter>
    </ClCompile>
    <ClCompile Include="$(SrcDir)\engine\N3Base\N3IMesh.cpp">
      <Filter>N3Base</Filter>
    </ClCompile>
    <ClCompile Include="$(SrcDir)\engine\N3Base\N3Joint.cpp">
      <Filter>N3Base</Filter>
    </ClCompile>
    <ClCompile Include="$(SrcDir)\engine\N3Base\N3Light.cpp">
      <Filter>N3Base</Filter>
    </ClCompile>
    <ClCompile Include="$(SrcDir)\engine\N3Base\N3Mesh.cpp">
      <Filter>N3Base</Filter>
    </ClCompile>
    <ClCompile Include="$(SrcDir)\engine\N3Base\N3Moon.cpp">
      <Filter>N3Base</Filter>
    </ClCompile>
    <ClCompile Include="$(SrcDir)\engine\N3Base\N3Scene.cpp">
      <Filter>N3Base</Filter>
    </ClCompile>
    <ClCompile Include="$(SrcDir)\engine\N3Base\N3Skin.cpp">
      <Filter>N3Base</Filter>
    </ClCompile>
    <ClCompile Include="$(SrcDir)\engine\N3Base\N3Texture.cpp">
      <Filter>N3Base</Filter>
    </ClCompile>
    <ClCompile Include="$(SrcDir)\engine\N3Base\N3TransformCollision.cpp">
      <Filter>N3Base</Filter>
    </ClCompile>
    <ClCompile Include="$(SrcDir)\engine\N3Base\Pick.cpp">
      <Filter>N3Base</Filter>
    </ClCompile>
    <ClCompile Include="PortalFactory.cpp">
      <Filter>PVS New</Filter>
    </ClCompile>
    <ClCompile Include="PortalVolume.cpp">
      <Filter>PVS New</Filter>
    </ClCompile>
    <ClCompile Include="PVSManager.cpp">
      <Filter>PVS New</Filter>
    </ClCompile>
    <ClCompile Include="PosDummy.cpp">
      <Filter>CDummy Series</Filter>
    </ClCompile>
    <ClCompile Include="RotDummy.cpp">
      <Filter>CDummy Series</Filter>
    </ClCompile>
    <ClCompile Include="ScaleDummy.cpp">
      <Filter>CDummy Series</Filter>
    </ClCompile>
    <ClCompile Include="SwappedDummy.cpp">
      <Filter>CDummy Series</Filter>
    </ClCompile>
    <ClCompile Include="TransDummy.cpp">
      <Filter>CDummy Series</Filter>
    </ClCompile>
    <ClCompile Include="$(SrcDir)\engine\N3Base\N3PMesh.cpp">
      <Filter>N3Shape</Filter>
    </ClCompile>
    <ClCompile Include="$(SrcDir)\engine\N3Base\N3PMeshCreate.cpp">
      <Filter>N3Shape</Filter>
    </ClCompile>
    <ClCompile Include="$(SrcDir)\engine\N3Base\N3PMeshInstance.cpp">
      <Filter>N3Shape</Filter>
    </ClCompile>
    <ClCompile Include="$(SrcDir)\engine\N3Base\N3Shape.cpp">
      <Filter>N3Shape</Filter>
    </ClCompile>
    <ClCompile Include="$(SrcDir)\engine\N3Base\N3ShapeExtra.cpp">
      <Filter>N3Shape</Filter>
    </ClCompile>
    <ClCompile Include="$(SrcDir)\engine\N3Base\N3ShapeMod.cpp">
      <Filter>N3Shape</Filter>
    </ClCompile>
    <ClCompile Include="$(SrcDir)\engine\N3Base\N3Transform.cpp">
      <Filter>N3Shape</Filter>
    </ClCompile>
    <ClCompile Include="$(SrcDir)\engine\N3Base\N3VMesh.cpp">
      <Filter>N3Shape</Filter>
    </ClCompile>
    <ClCompile Include="$(SrcDir)\engine\N3Base\N3Log.cpp">
      <Filter>N3Base</Filter>
    </ClCompile>
  </ItemGroup>
  <ItemGroup>
    <ClInclude Include="res\Resource.h">
      <Filter>Resource Files</Filter>
    </ClInclude>
    <ResourceCompile Include="res\N3Indoor.rc">
      <Filter>Resource Files</Filter>
    </ResourceCompile>
    <CustomBuild Include="res\N3Indoor.rc2">
      <Filter>Resource Files</Filter>
    </CustomBuild>
    <None Include="res\N3Indoor.reg">
      <Filter>Resource Files</Filter>
    </None>
    <Image Include="res\ARW09DN.ico">
      <Filter>Resource Files</Filter>
    </Image>
    <Image Include="res\ARW09UP.ico">
      <Filter>Resource Files</Filter>
    </Image>
    <Image Include="res\HANDSHAK.ico">
      <Filter>Resource Files</Filter>
    </Image>
    <Image Include="res\HEART.ico">
      <Filter>Resource Files</Filter>
    </Image>
    <Image Include="res\N3Indoor.ico">
      <Filter>Resource Files</Filter>
    </Image>
    <Image Include="res\N3IndoorDoc.ico">
      <Filter>Resource Files</Filter>
    </Image>
    <Image Include="res\POINT02.ico">
      <Filter>Resource Files</Filter>
    </Image>
    <Image Include="res\POINT03.ico">
      <Filter>Resource Files</Filter>
    </Image>
    <Image Include="res\POINT04.ico">
      <Filter>Resource Files</Filter>
    </Image>
    <Image Include="res\POINT05.ico">
      <Filter>Resource Files</Filter>
    </Image>
    <Image Include="res\POINT06.ico">
      <Filter>Resource Files</Filter>
    </Image>
    <Image Include="res\Toolbar.bmp">
      <Filter>Resource Files</Filter>
    </Image>
    <CustomBuild Include="res\MOVE4WAY.cur">
      <Filter>Resource Files</Filter>
    </CustomBuild>
    <CustomBuild Include="res\transform.cur">
      <Filter>Resource Files</Filter>
    </CustomBuild>
  </ItemGroup>
</Project>